
Microsoft Visual Studio Solution File, Format Version 12.00
# Visual Studio 2012
Project("{8BC9CEB8-8B4A-11D0-8D11-00A0C91BC942}") = "snap", "apps\snap\snap.vcxproj", "{76E127A5-2247-4A10-9DC8-59518C7C6636}"
	ProjectSection(ProjectDependencies) = postProject
		{E620DC13-195C-41EF-B33B-8FE7DE9F8ADC} = {E620DC13-195C-41EF-B33B-8FE7DE9F8ADC}
	EndProjectSection
EndProject
Project("{8BC9CEB8-8B4A-11D0-8D11-00A0C91BC942}") = "SNAPLib", "SNAPLib\SNAPLib.vcxproj", "{E620DC13-195C-41EF-B33B-8FE7DE9F8ADC}"
EndProject
Project("{8BC9CEB8-8B4A-11D0-8D11-00A0C91BC942}") = "DistanceHist", "apps\DistanceHist\DistanceHist.vcxproj", "{029221BC-7BC0-448C-9A68-12D94A25F412}"
	ProjectSection(ProjectDependencies) = postProject
		{E620DC13-195C-41EF-B33B-8FE7DE9F8ADC} = {E620DC13-195C-41EF-B33B-8FE7DE9F8ADC}
	EndProjectSection
EndProject
Project("{8BC9CEB8-8B4A-11D0-8D11-00A0C91BC942}") = "stringz", "apps\stringz\stringz.vcxproj", "{A587E829-823D-4CA9-9CD4-C563A4617474}"
	ProjectSection(ProjectDependencies) = postProject
		{E620DC13-195C-41EF-B33B-8FE7DE9F8ADC} = {E620DC13-195C-41EF-B33B-8FE7DE9F8ADC}
	EndProjectSection
EndProject
Project("{8BC9CEB8-8B4A-11D0-8D11-00A0C91BC942}") = "ComputeROC", "apps\ComputeROC\ComputeROC.vcxproj", "{EB694CE8-E805-41A0-9D08-C8BEED857166}"
	ProjectSection(ProjectDependencies) = postProject
		{E620DC13-195C-41EF-B33B-8FE7DE9F8ADC} = {E620DC13-195C-41EF-B33B-8FE7DE9F8ADC}
	EndProjectSection
EndProject
Project("{8BC9CEB8-8B4A-11D0-8D11-00A0C91BC942}") = "wc", "apps\wc\wc.vcxproj", "{70D9DA2A-E423-4705-BC71-0198C365A730}"
	ProjectSection(ProjectDependencies) = postProject
		{E620DC13-195C-41EF-B33B-8FE7DE9F8ADC} = {E620DC13-195C-41EF-B33B-8FE7DE9F8ADC}
	EndProjectSection
EndProject
Project("{8BC9CEB8-8B4A-11D0-8D11-00A0C91BC942}") = "ExtractReads", "apps\ExtractReads\ExtractReads.vcxproj", "{FD52DC05-194B-4BD8-828E-A5679777D6C8}"
EndProject
Global
	GlobalSection(SolutionConfigurationPlatforms) = preSolution
		Debug|Mixed Platforms = Debug|Mixed Platforms
		Debug|Win32 = Debug|Win32
		Debug|x64 = Debug|x64
		Release|Mixed Platforms = Release|Mixed Platforms
		Release|Win32 = Release|Win32
		Release|x64 = Release|x64
	EndGlobalSection
	GlobalSection(ProjectConfigurationPlatforms) = postSolution
		{76E127A5-2247-4A10-9DC8-59518C7C6636}.Debug|Mixed Platforms.ActiveCfg = Debug|Win32
		{76E127A5-2247-4A10-9DC8-59518C7C6636}.Debug|Mixed Platforms.Build.0 = Debug|Win32
		{76E127A5-2247-4A10-9DC8-59518C7C6636}.Debug|Win32.ActiveCfg = Debug|x64
		{76E127A5-2247-4A10-9DC8-59518C7C6636}.Debug|Win32.Build.0 = Debug|x64
		{76E127A5-2247-4A10-9DC8-59518C7C6636}.Debug|x64.ActiveCfg = Debug|x64
		{76E127A5-2247-4A10-9DC8-59518C7C6636}.Debug|x64.Build.0 = Debug|x64
		{76E127A5-2247-4A10-9DC8-59518C7C6636}.Release|Mixed Platforms.ActiveCfg = Release|Win32
		{76E127A5-2247-4A10-9DC8-59518C7C6636}.Release|Mixed Platforms.Build.0 = Release|Win32
		{76E127A5-2247-4A10-9DC8-59518C7C6636}.Release|Win32.ActiveCfg = Release|x64
		{76E127A5-2247-4A10-9DC8-59518C7C6636}.Release|Win32.Build.0 = Release|x64
		{76E127A5-2247-4A10-9DC8-59518C7C6636}.Release|x64.ActiveCfg = Release|x64
		{76E127A5-2247-4A10-9DC8-59518C7C6636}.Release|x64.Build.0 = Release|x64
		{E620DC13-195C-41EF-B33B-8FE7DE9F8ADC}.Debug|Mixed Platforms.ActiveCfg = Debug|Win32
		{E620DC13-195C-41EF-B33B-8FE7DE9F8ADC}.Debug|Mixed Platforms.Build.0 = Debug|Win32
		{E620DC13-195C-41EF-B33B-8FE7DE9F8ADC}.Debug|Win32.ActiveCfg = Debug|x64
		{E620DC13-195C-41EF-B33B-8FE7DE9F8ADC}.Debug|Win32.Build.0 = Debug|x64
		{E620DC13-195C-41EF-B33B-8FE7DE9F8ADC}.Debug|x64.ActiveCfg = Debug|x64
		{E620DC13-195C-41EF-B33B-8FE7DE9F8ADC}.Debug|x64.Build.0 = Debug|x64
		{E620DC13-195C-41EF-B33B-8FE7DE9F8ADC}.Release|Mixed Platforms.ActiveCfg = Release|Win32
		{E620DC13-195C-41EF-B33B-8FE7DE9F8ADC}.Release|Mixed Platforms.Build.0 = Release|Win32
		{E620DC13-195C-41EF-B33B-8FE7DE9F8ADC}.Release|Win32.ActiveCfg = Release|x64
		{E620DC13-195C-41EF-B33B-8FE7DE9F8ADC}.Release|Win32.Build.0 = Release|x64
		{E620DC13-195C-41EF-B33B-8FE7DE9F8ADC}.Release|x64.ActiveCfg = Release|x64
		{E620DC13-195C-41EF-B33B-8FE7DE9F8ADC}.Release|x64.Build.0 = Release|x64
		{029221BC-7BC0-448C-9A68-12D94A25F412}.Debug|Mixed Platforms.ActiveCfg = Debug|Win32
		{029221BC-7BC0-448C-9A68-12D94A25F412}.Debug|Mixed Platforms.Build.0 = Debug|Win32
		{029221BC-7BC0-448C-9A68-12D94A25F412}.Debug|Win32.ActiveCfg = Debug|x64
		{029221BC-7BC0-448C-9A68-12D94A25F412}.Debug|x64.ActiveCfg = Debug|x64
		{029221BC-7BC0-448C-9A68-12D94A25F412}.Release|Mixed Platforms.ActiveCfg = Release|Win32
		{029221BC-7BC0-448C-9A68-12D94A25F412}.Release|Mixed Platforms.Build.0 = Release|Win32
		{029221BC-7BC0-448C-9A68-12D94A25F412}.Release|Win32.ActiveCfg = Release|x64
		{029221BC-7BC0-448C-9A68-12D94A25F412}.Release|x64.ActiveCfg = Release|x64
		{A587E829-823D-4CA9-9CD4-C563A4617474}.Debug|Mixed Platforms.ActiveCfg = Debug|Win32
		{A587E829-823D-4CA9-9CD4-C563A4617474}.Debug|Mixed Platforms.Build.0 = Debug|Win32
		{A587E829-823D-4CA9-9CD4-C563A4617474}.Debug|Win32.ActiveCfg = Debug|x64
		{A587E829-823D-4CA9-9CD4-C563A4617474}.Debug|x64.ActiveCfg = Debug|x64
		{A587E829-823D-4CA9-9CD4-C563A4617474}.Release|Mixed Platforms.ActiveCfg = Release|Win32
		{A587E829-823D-4CA9-9CD4-C563A4617474}.Release|Mixed Platforms.Build.0 = Release|Win32
		{A587E829-823D-4CA9-9CD4-C563A4617474}.Release|Win32.ActiveCfg = Release|x64
		{A587E829-823D-4CA9-9CD4-C563A4617474}.Release|x64.ActiveCfg = Release|x64
		{EB694CE8-E805-41A0-9D08-C8BEED857166}.Debug|Mixed Platforms.ActiveCfg = Debug|Win32
		{EB694CE8-E805-41A0-9D08-C8BEED857166}.Debug|Mixed Platforms.Build.0 = Debug|Win32
		{EB694CE8-E805-41A0-9D08-C8BEED857166}.Debug|Win32.ActiveCfg = Debug|x64
		{EB694CE8-E805-41A0-9D08-C8BEED857166}.Debug|Win32.Build.0 = Debug|x64
		{EB694CE8-E805-41A0-9D08-C8BEED857166}.Debug|x64.ActiveCfg = Debug|x64
		{EB694CE8-E805-41A0-9D08-C8BEED857166}.Debug|x64.Build.0 = Debug|x64
		{EB694CE8-E805-41A0-9D08-C8BEED857166}.Release|Mixed Platforms.ActiveCfg = Release|Win32
		{EB694CE8-E805-41A0-9D08-C8BEED857166}.Release|Mixed Platforms.Build.0 = Release|Win32
		{EB694CE8-E805-41A0-9D08-C8BEED857166}.Release|Win32.ActiveCfg = Release|x64
		{EB694CE8-E805-41A0-9D08-C8BEED857166}.Release|Win32.Build.0 = Release|x64
		{EB694CE8-E805-41A0-9D08-C8BEED857166}.Release|x64.ActiveCfg = Release|x64
		{EB694CE8-E805-41A0-9D08-C8BEED857166}.Release|x64.Build.0 = Release|x64
		{70D9DA2A-E423-4705-BC71-0198C365A730}.Debug|Mixed Platforms.ActiveCfg = Debug|Win32
		{70D9DA2A-E423-4705-BC71-0198C365A730}.Debug|Mixed Platforms.Build.0 = Debug|Win32
		{70D9DA2A-E423-4705-BC71-0198C365A730}.Debug|Win32.ActiveCfg = Debug|x64
		{70D9DA2A-E423-4705-BC71-0198C365A730}.Debug|x64.ActiveCfg = Debug|x64
		{70D9DA2A-E423-4705-BC71-0198C365A730}.Release|Mixed Platforms.ActiveCfg = Release|Win32
		{70D9DA2A-E423-4705-BC71-0198C365A730}.Release|Mixed Platforms.Build.0 = Release|Win32
		{70D9DA2A-E423-4705-BC71-0198C365A730}.Release|Win32.ActiveCfg = Release|x64
		{70D9DA2A-E423-4705-BC71-0198C365A730}.Release|x64.ActiveCfg = Release|x64
		{FD52DC05-194B-4BD8-828E-A5679777D6C8}.Debug|Mixed Platforms.ActiveCfg = Debug|Win32
		{FD52DC05-194B-4BD8-828E-A5679777D6C8}.Debug|Mixed Platforms.Build.0 = Debug|Win32
		{FD52DC05-194B-4BD8-828E-A5679777D6C8}.Debug|Win32.ActiveCfg = Debug|Win32
		{FD52DC05-194B-4BD8-828E-A5679777D6C8}.Debug|Win32.Build.0 = Debug|Win32
		{FD52DC05-194B-4BD8-828E-A5679777D6C8}.Debug|x64.ActiveCfg = Debug|x64
		{FD52DC05-194B-4BD8-828E-A5679777D6C8}.Release|Mixed Platforms.ActiveCfg = Release|Win32
		{FD52DC05-194B-4BD8-828E-A5679777D6C8}.Release|Mixed Platforms.Build.0 = Release|Win32
		{FD52DC05-194B-4BD8-828E-A5679777D6C8}.Release|Win32.ActiveCfg = Release|Win32
		{FD52DC05-194B-4BD8-828E-A5679777D6C8}.Release|Win32.Build.0 = Release|Win32
		{FD52DC05-194B-4BD8-828E-A5679777D6C8}.Release|x64.ActiveCfg = Release|x64
	EndGlobalSection
	GlobalSection(SolutionProperties) = preSolution
		HideSolutionNode = FALSE
	EndGlobalSection
EndGlobal
