
Microsoft Visual Studio Solution File, Format Version 12.00
# Visual Studio 2013
VisualStudioVersion = 12.0.21005.1
MinimumVisualStudioVersion = 10.0.40219.1
Project("{8BC9CEB8-8B4A-11D0-8D11-00A0C91BC942}") = "snap", "apps\snap\snap.vcxproj", "{76E127A5-2247-4A10-9DC8-59518C7C6636}"
	ProjectSection(ProjectDependencies) = postProject
		{E620DC13-195C-41EF-B33B-8FE7DE9F8ADC} = {E620DC13-195C-41EF-B33B-8FE7DE9F8ADC}
	EndProjectSection
EndProject
Project("{8BC9CEB8-8B4A-11D0-8D11-00A0C91BC942}") = "SNAPLib", "SNAPLib\SNAPLib.vcxproj", "{E620DC13-195C-41EF-B33B-8FE7DE9F8ADC}"
EndProject
Project("{8BC9CEB8-8B4A-11D0-8D11-00A0C91BC942}") = "ComputeROC", "apps\ComputeROC\ComputeROC.vcxproj", "{EB694CE8-E805-41A0-9D08-C8BEED857166}"
	ProjectSection(ProjectDependencies) = postProject
		{E620DC13-195C-41EF-B33B-8FE7DE9F8ADC} = {E620DC13-195C-41EF-B33B-8FE7DE9F8ADC}
	EndProjectSection
EndProject
Project("{8BC9CEB8-8B4A-11D0-8D11-00A0C91BC942}") = "wc", "apps\wc\wc.vcxproj", "{70D9DA2A-E423-4705-BC71-0198C365A730}"
	ProjectSection(ProjectDependencies) = postProject
		{E620DC13-195C-41EF-B33B-8FE7DE9F8ADC} = {E620DC13-195C-41EF-B33B-8FE7DE9F8ADC}
	EndProjectSection
EndProject
Project("{8BC9CEB8-8B4A-11D0-8D11-00A0C91BC942}") = "ToFASTQ", "apps\ToFASTQ\ToFASTQ.vcxproj", "{E58705DB-9DFF-4892-B3BD-C76A352F9F37}"
	ProjectSection(ProjectDependencies) = postProject
		{E620DC13-195C-41EF-B33B-8FE7DE9F8ADC} = {E620DC13-195C-41EF-B33B-8FE7DE9F8ADC}
	EndProjectSection
EndProject
Project("{8BC9CEB8-8B4A-11D0-8D11-00A0C91BC942}") = "tests", "tests\tests.vcxproj", "{CC0CF065-B3A9-46E4-829C-9386F8FE0A0E}"
	ProjectSection(ProjectDependencies) = postProject
		{E620DC13-195C-41EF-B33B-8FE7DE9F8ADC} = {E620DC13-195C-41EF-B33B-8FE7DE9F8ADC}
	EndProjectSection
EndProject
Project("{8BC9CEB8-8B4A-11D0-8D11-00A0C91BC942}") = "SNAPCommand", "apps\SNAPCommand\SNAPCommand.vcxproj", "{F555A574-597E-4C0E-ADFD-FC4C897B2085}"
	ProjectSection(ProjectDependencies) = postProject
		{E620DC13-195C-41EF-B33B-8FE7DE9F8ADC} = {E620DC13-195C-41EF-B33B-8FE7DE9F8ADC}
	EndProjectSection
EndProject
Project("{8BC9CEB8-8B4A-11D0-8D11-00A0C91BC942}") = "mutant-expression", "apps\mutant-expression\mutant-expression.vcxproj", "{1D0DEA6C-018D-4ABA-A143-96C3AA558D05}"
	ProjectSection(ProjectDependencies) = postProject
		{E620DC13-195C-41EF-B33B-8FE7DE9F8ADC} = {E620DC13-195C-41EF-B33B-8FE7DE9F8ADC}
	EndProjectSection
EndProject
Project("{8BC9CEB8-8B4A-11D0-8D11-00A0C91BC942}") = "DisplayReads", "apps\DisplayReads\DisplayReads.vcxproj", "{1B84AF52-C9CA-40E6-BAAC-EF2D5AC09104}"
	ProjectSection(ProjectDependencies) = postProject
		{E620DC13-195C-41EF-B33B-8FE7DE9F8ADC} = {E620DC13-195C-41EF-B33B-8FE7DE9F8ADC}
	EndProjectSection
EndProject
Project("{8BC9CEB8-8B4A-11D0-8D11-00A0C91BC942}") = "SummarizeReads", "apps\SummarizeReads\SummarizeReads.vcxproj", "{A66B0876-A757-410B-BA9D-539BAFA7C3E2}"
	ProjectSection(ProjectDependencies) = postProject
		{E620DC13-195C-41EF-B33B-8FE7DE9F8ADC} = {E620DC13-195C-41EF-B33B-8FE7DE9F8ADC}
	EndProjectSection
EndProject
Project("{FAE04EC0-301F-11D3-BF4B-00C04F79EFBC}") = "ExpressionMetadata", "apps\ExpressionMetadata\ExpressionMetadata.csproj", "{F1B7F2D6-7C54-4BC7-9129-319D44847E49}"
EndProject
Project("{8BC9CEB8-8B4A-11D0-8D11-00A0C91BC942}") = "ComputeMD5", "apps\ComputeMD5\ComputeMD5.vcxproj", "{B7B07E1C-B763-4D68-B342-0CCB6E94A484}"
EndProject
Project("{8BC9CEB8-8B4A-11D0-8D11-00A0C91BC942}") = "CountReadsCovering", "apps\CountReadsCovering\CountReadsCovering.vcxproj", "{DD50DF2E-A57E-4B99-ADF6-9A8083952AF6}"
	ProjectSection(ProjectDependencies) = postProject
		{E620DC13-195C-41EF-B33B-8FE7DE9F8ADC} = {E620DC13-195C-41EF-B33B-8FE7DE9F8ADC}
	EndProjectSection
EndProject
Project("{FAE04EC0-301F-11D3-BF4B-00C04F79EFBC}") = "GenerateScatterGraphs", "apps\GenerateScatterGraphs\GenerateScatterGraphs.csproj", "{BF4B5440-1F73-4D30-9868-7C92489020FF}"
EndProject
Project("{FAE04EC0-301F-11D3-BF4B-00C04F79EFBC}") = "SplitIntoPieces", "apps\SplitIntoPieces\SplitIntoPieces.csproj", "{9D864519-7265-4787-A471-A2477BCA0FBB}"
EndProject
Project("{FAE04EC0-301F-11D3-BF4B-00C04F79EFBC}") = "GrovelPileups", "apps\GrovelPileups\GrovelPileups.csproj", "{2A3E4ACF-5EB3-4B4E-BB9E-3E13CE6DC20C}"
EndProject
Project("{8BC9CEB8-8B4A-11D0-8D11-00A0C91BC942}") = "ExonLib", "ExonLib\ExonLib.vcxproj", "{EDDBB763-089A-4AE0-8B51-D71C3457B09D}"
EndProject
Project("{FAE04EC0-301F-11D3-BF4B-00C04F79EFBC}") = "FilterVCF", "apps\FilterVCF\FilterVCF.csproj", "{E3349FCD-5AB5-45DC-9C90-102436EBB220}"
EndProject
Project("{FAE04EC0-301F-11D3-BF4B-00C04F79EFBC}") = "SplitIntoChromosomes", "apps\SplitIntoChromosomes\SplitIntoChromosomes.csproj", "{C2097C97-764F-4323-8E32-F59129889601}"
EndProject
Project("{2150E333-8FDC-42A3-9474-1A3956D46DE8}") = "Solution Items", "Solution Items", "{E45B0D69-B109-44B3-B447-CD7BEF01624D}"
	ProjectSection(SolutionItems) = preProject
		Performance1.psess = Performance1.psess
	EndProjectSection
EndProject
Project("{8BC9CEB8-8B4A-11D0-8D11-00A0C91BC942}") = "ExpressionDistribution", "apps\ExpressionDistribution\ExpressionDistribution.vcxproj", "{7B583F3A-D2EA-458F-9C9B-A68B2EBE80B2}"
	ProjectSection(ProjectDependencies) = postProject
		{E620DC13-195C-41EF-B33B-8FE7DE9F8ADC} = {E620DC13-195C-41EF-B33B-8FE7DE9F8ADC}
	EndProjectSection
EndProject
Project("{FAE04EC0-301F-11D3-BF4B-00C04F79EFBC}") = "ComputeP53Levels", "apps\ComputeP53Levels\ComputeP53Levels.csproj", "{5012AE33-1866-4166-9D67-43E0570A2DF7}"
EndProject
Project("{FAE04EC0-301F-11D3-BF4B-00C04F79EFBC}") = "AllExpression", "apps\AllExpression\AllExpression.csproj", "{F653C928-B599-42E9-9A0F-72E58A9EA7FA}"
EndProject
Project("{FAE04EC0-301F-11D3-BF4B-00C04F79EFBC}") = "MannWhitney", "apps\MannWhitney\MannWhitney.csproj", "{BFE44AD8-B0B0-4C4E-8363-A1776D47A301}"
EndProject
Project("{FAE04EC0-301F-11D3-BF4B-00C04F79EFBC}") = "ProcessVCFs", "apps\ProcessVCFs\ProcessVCFs.csproj", "{6B1A31D8-73AF-46F9-BA84-CC3D7085C8B2}"
EndProject
Project("{FAE04EC0-301F-11D3-BF4B-00C04F79EFBC}") = "ExpressionLib", "apps\ExpressionLib\ExpressionLib.csproj", "{6505D3D2-3994-4BE6-8110-585070BCC955}"
EndProject
Project("{8BC9CEB8-8B4A-11D0-8D11-00A0C91BC942}") = "CheckChr", "apps\CheckChr\CheckChr.vcxproj", "{97D447DE-0FDF-4C19-A2C1-C887A2B7FF57}"
	ProjectSection(ProjectDependencies) = postProject
		{E620DC13-195C-41EF-B33B-8FE7DE9F8ADC} = {E620DC13-195C-41EF-B33B-8FE7DE9F8ADC}
	EndProjectSection
EndProject
Project("{FAE04EC0-301F-11D3-BF4B-00C04F79EFBC}") = "ResortConcatenatedGermlineVariants", "apps\ResortConcatenatedGermlineVariants\ResortConcatenatedGermlineVariants.csproj", "{C27321D3-BCA5-4A9C-8654-55446BE4C4F9}"
EndProject
Project("{FAE04EC0-301F-11D3-BF4B-00C04F79EFBC}") = "QuickNDirtyMakeExpressionScript", "apps\QuickNDirtyMakeExpressionScript\QuickNDirtyMakeExpressionScript.csproj", "{85BE5081-F82A-439A-AD63-1C36BA88F111}"
	ProjectSection(ProjectDependencies) = postProject
		{6505D3D2-3994-4BE6-8110-585070BCC955} = {6505D3D2-3994-4BE6-8110-585070BCC955}
	EndProjectSection
EndProject
Project("{FAE04EC0-301F-11D3-BF4B-00C04F79EFBC}") = "ColumnizeSam", "apps\ColumnizeSam\ColumnizeSam.csproj", "{5993E92A-4AC1-418E-80C4-D2B6E890958B}"
EndProject
Project("{8BC9CEB8-8B4A-11D0-8D11-00A0C91BC942}") = "GenerateConsolodatedExtractedReads", "apps\GenerateConsolodatedExtractedReads\GenerateConsolodatedExtractedReads.vcxproj", "{784CA826-F61A-4E50-978E-E3D5641E28EF}"
	ProjectSection(ProjectDependencies) = postProject
		{E620DC13-195C-41EF-B33B-8FE7DE9F8ADC} = {E620DC13-195C-41EF-B33B-8FE7DE9F8ADC}
	EndProjectSection
EndProject
Project("{FAE04EC0-301F-11D3-BF4B-00C04F79EFBC}") = "RegionalExpression", "apps\RegionalExpression\RegionalExpression.csproj", "{208481B1-95D8-4C5A-9D62-F353C58A077C}"
EndProject
Project("{FAE04EC0-301F-11D3-BF4B-00C04F79EFBC}") = "CancerSpecificExpression", "apps\CancerSpecificExpression\CancerSpecificExpression.csproj", "{A6AD6D38-BE73-453D-87B9-52DCBDD59587}"
EndProject
Project("{FAE04EC0-301F-11D3-BF4B-00C04F79EFBC}") = "ExpressionNearMutations", "apps\ExpressionNearMutations\ExpressionNearMutations.csproj", "{49FF4094-4B75-480A-9B53-E5C66B79A98B}"
	ProjectSection(ProjectDependencies) = postProject
		{6505D3D2-3994-4BE6-8110-585070BCC955} = {6505D3D2-3994-4BE6-8110-585070BCC955}
	EndProjectSection
EndProject
Project("{FAE04EC0-301F-11D3-BF4B-00C04F79EFBC}") = "ExpressionByMutationCount", "apps\ExpressionByMutationCount\ExpressionByMutationCount.csproj", "{B4B43CBE-D390-46D7-9D2D-7503F1A02B90}"
EndProject
Project("{FAE04EC0-301F-11D3-BF4B-00C04F79EFBC}") = "SelectGermlineVariants", "apps\SelectGermlineVariants\SelectGermlineVariants.csproj", "{0E1F8122-138F-4426-A461-54992789487B}"
EndProject
Project("{FAE04EC0-301F-11D3-BF4B-00C04F79EFBC}") = "GenerateScriptFromVariants", "apps\GenerateScriptFromVariants\GenerateScriptFromVariants.csproj", "{8BAC4F19-F7F7-4916-973F-BC447C323437}"
EndProject
Project("{FAE04EC0-301F-11D3-BF4B-00C04F79EFBC}") = "ApplyBonferroniCorrection", "apps\ApplyBonferroniCorrection\ApplyBonferroniCorrection.csproj", "{A430C0AB-8F2C-4B49-826C-E6DB9BA16D41}"
EndProject
Project("{FAE04EC0-301F-11D3-BF4B-00C04F79EFBC}") = "CreateExpressionByRangeGraphs", "apps\CreateExpressionByRangeGraphs\CreateExpressionByRangeGraphs.csproj", "{1810C21E-08CF-45D5-93BF-B22337B21DAF}"
EndProject
Project("{FAE04EC0-301F-11D3-BF4B-00C04F79EFBC}") = "DebugApp", "apps\DebugApp\DebugApp.csproj", "{26362B60-CEBF-4A90-BA6A-5AF407525ABE}"
EndProject
Global
	GlobalSection(SolutionConfigurationPlatforms) = preSolution
		Debug|Any CPU = Debug|Any CPU
		Debug|Mixed Platforms = Debug|Mixed Platforms
		Debug|Win32 = Debug|Win32
		Debug|x64 = Debug|x64
		Release|Any CPU = Release|Any CPU
		Release|Mixed Platforms = Release|Mixed Platforms
		Release|Win32 = Release|Win32
		Release|x64 = Release|x64
	EndGlobalSection
	GlobalSection(ProjectConfigurationPlatforms) = postSolution
		{76E127A5-2247-4A10-9DC8-59518C7C6636}.Debug|Any CPU.ActiveCfg = Debug|Win32
		{76E127A5-2247-4A10-9DC8-59518C7C6636}.Debug|Mixed Platforms.ActiveCfg = Debug|x64
		{76E127A5-2247-4A10-9DC8-59518C7C6636}.Debug|Mixed Platforms.Build.0 = Debug|x64
		{76E127A5-2247-4A10-9DC8-59518C7C6636}.Debug|Win32.ActiveCfg = Debug|x64
		{76E127A5-2247-4A10-9DC8-59518C7C6636}.Debug|Win32.Build.0 = Debug|x64
		{76E127A5-2247-4A10-9DC8-59518C7C6636}.Debug|x64.ActiveCfg = Debug|x64
		{76E127A5-2247-4A10-9DC8-59518C7C6636}.Debug|x64.Build.0 = Debug|x64
		{76E127A5-2247-4A10-9DC8-59518C7C6636}.Release|Any CPU.ActiveCfg = Release|Win32
		{76E127A5-2247-4A10-9DC8-59518C7C6636}.Release|Mixed Platforms.ActiveCfg = Release|x64
		{76E127A5-2247-4A10-9DC8-59518C7C6636}.Release|Mixed Platforms.Build.0 = Release|x64
		{76E127A5-2247-4A10-9DC8-59518C7C6636}.Release|Win32.ActiveCfg = Release|x64
		{76E127A5-2247-4A10-9DC8-59518C7C6636}.Release|Win32.Build.0 = Release|x64
		{76E127A5-2247-4A10-9DC8-59518C7C6636}.Release|x64.ActiveCfg = Release|x64
		{76E127A5-2247-4A10-9DC8-59518C7C6636}.Release|x64.Build.0 = Release|x64
		{E620DC13-195C-41EF-B33B-8FE7DE9F8ADC}.Debug|Any CPU.ActiveCfg = Debug|Win32
		{E620DC13-195C-41EF-B33B-8FE7DE9F8ADC}.Debug|Mixed Platforms.ActiveCfg = Debug|x64
		{E620DC13-195C-41EF-B33B-8FE7DE9F8ADC}.Debug|Mixed Platforms.Build.0 = Debug|x64
		{E620DC13-195C-41EF-B33B-8FE7DE9F8ADC}.Debug|Win32.ActiveCfg = Debug|x64
		{E620DC13-195C-41EF-B33B-8FE7DE9F8ADC}.Debug|Win32.Build.0 = Debug|x64
		{E620DC13-195C-41EF-B33B-8FE7DE9F8ADC}.Debug|x64.ActiveCfg = Debug|x64
		{E620DC13-195C-41EF-B33B-8FE7DE9F8ADC}.Debug|x64.Build.0 = Debug|x64
		{E620DC13-195C-41EF-B33B-8FE7DE9F8ADC}.Release|Any CPU.ActiveCfg = Release|Win32
		{E620DC13-195C-41EF-B33B-8FE7DE9F8ADC}.Release|Mixed Platforms.ActiveCfg = Release|x64
		{E620DC13-195C-41EF-B33B-8FE7DE9F8ADC}.Release|Mixed Platforms.Build.0 = Release|x64
		{E620DC13-195C-41EF-B33B-8FE7DE9F8ADC}.Release|Win32.ActiveCfg = Release|x64
		{E620DC13-195C-41EF-B33B-8FE7DE9F8ADC}.Release|Win32.Build.0 = Release|x64
		{E620DC13-195C-41EF-B33B-8FE7DE9F8ADC}.Release|x64.ActiveCfg = Release|x64
		{E620DC13-195C-41EF-B33B-8FE7DE9F8ADC}.Release|x64.Build.0 = Release|x64
		{EB694CE8-E805-41A0-9D08-C8BEED857166}.Debug|Any CPU.ActiveCfg = Debug|Win32
		{EB694CE8-E805-41A0-9D08-C8BEED857166}.Debug|Mixed Platforms.ActiveCfg = Debug|x64
		{EB694CE8-E805-41A0-9D08-C8BEED857166}.Debug|Win32.ActiveCfg = Debug|x64
		{EB694CE8-E805-41A0-9D08-C8BEED857166}.Debug|Win32.Build.0 = Debug|x64
		{EB694CE8-E805-41A0-9D08-C8BEED857166}.Debug|x64.ActiveCfg = Debug|x64
		{EB694CE8-E805-41A0-9D08-C8BEED857166}.Release|Any CPU.ActiveCfg = Release|Win32
		{EB694CE8-E805-41A0-9D08-C8BEED857166}.Release|Mixed Platforms.ActiveCfg = Release|x64
		{EB694CE8-E805-41A0-9D08-C8BEED857166}.Release|Win32.ActiveCfg = Release|x64
		{EB694CE8-E805-41A0-9D08-C8BEED857166}.Release|Win32.Build.0 = Release|x64
		{EB694CE8-E805-41A0-9D08-C8BEED857166}.Release|x64.ActiveCfg = Release|x64
		{70D9DA2A-E423-4705-BC71-0198C365A730}.Debug|Any CPU.ActiveCfg = Debug|Win32
		{70D9DA2A-E423-4705-BC71-0198C365A730}.Debug|Mixed Platforms.ActiveCfg = Debug|x64
		{70D9DA2A-E423-4705-BC71-0198C365A730}.Debug|Win32.ActiveCfg = Debug|x64
		{70D9DA2A-E423-4705-BC71-0198C365A730}.Debug|x64.ActiveCfg = Debug|x64
		{70D9DA2A-E423-4705-BC71-0198C365A730}.Release|Any CPU.ActiveCfg = Release|Win32
		{70D9DA2A-E423-4705-BC71-0198C365A730}.Release|Mixed Platforms.ActiveCfg = Release|x64
		{70D9DA2A-E423-4705-BC71-0198C365A730}.Release|Win32.ActiveCfg = Release|x64
		{70D9DA2A-E423-4705-BC71-0198C365A730}.Release|x64.ActiveCfg = Release|x64
		{E58705DB-9DFF-4892-B3BD-C76A352F9F37}.Debug|Any CPU.ActiveCfg = Debug|Win32
		{E58705DB-9DFF-4892-B3BD-C76A352F9F37}.Debug|Mixed Platforms.ActiveCfg = Debug|x64
		{E58705DB-9DFF-4892-B3BD-C76A352F9F37}.Debug|Win32.ActiveCfg = Debug|Win32
		{E58705DB-9DFF-4892-B3BD-C76A352F9F37}.Debug|Win32.Build.0 = Debug|Win32
		{E58705DB-9DFF-4892-B3BD-C76A352F9F37}.Debug|x64.ActiveCfg = Debug|x64
		{E58705DB-9DFF-4892-B3BD-C76A352F9F37}.Release|Any CPU.ActiveCfg = Release|Win32
		{E58705DB-9DFF-4892-B3BD-C76A352F9F37}.Release|Mixed Platforms.ActiveCfg = Release|x64
		{E58705DB-9DFF-4892-B3BD-C76A352F9F37}.Release|Win32.ActiveCfg = Release|Win32
		{E58705DB-9DFF-4892-B3BD-C76A352F9F37}.Release|Win32.Build.0 = Release|Win32
		{E58705DB-9DFF-4892-B3BD-C76A352F9F37}.Release|x64.ActiveCfg = Release|x64
		{CC0CF065-B3A9-46E4-829C-9386F8FE0A0E}.Debug|Any CPU.ActiveCfg = Debug|Win32
		{CC0CF065-B3A9-46E4-829C-9386F8FE0A0E}.Debug|Mixed Platforms.ActiveCfg = Debug|x64
		{CC0CF065-B3A9-46E4-829C-9386F8FE0A0E}.Debug|Mixed Platforms.Build.0 = Debug|x64
		{CC0CF065-B3A9-46E4-829C-9386F8FE0A0E}.Debug|Win32.ActiveCfg = Debug|Win32
		{CC0CF065-B3A9-46E4-829C-9386F8FE0A0E}.Debug|Win32.Build.0 = Debug|Win32
		{CC0CF065-B3A9-46E4-829C-9386F8FE0A0E}.Debug|x64.ActiveCfg = Debug|x64
		{CC0CF065-B3A9-46E4-829C-9386F8FE0A0E}.Debug|x64.Build.0 = Debug|x64
		{CC0CF065-B3A9-46E4-829C-9386F8FE0A0E}.Release|Any CPU.ActiveCfg = Release|Win32
		{CC0CF065-B3A9-46E4-829C-9386F8FE0A0E}.Release|Mixed Platforms.ActiveCfg = Release|x64
		{CC0CF065-B3A9-46E4-829C-9386F8FE0A0E}.Release|Win32.ActiveCfg = Release|Win32
		{CC0CF065-B3A9-46E4-829C-9386F8FE0A0E}.Release|Win32.Build.0 = Release|Win32
		{CC0CF065-B3A9-46E4-829C-9386F8FE0A0E}.Release|x64.ActiveCfg = Release|x64
		{CC0CF065-B3A9-46E4-829C-9386F8FE0A0E}.Release|x64.Build.0 = Release|x64
		{F555A574-597E-4C0E-ADFD-FC4C897B2085}.Debug|Any CPU.ActiveCfg = Debug|Win32
		{F555A574-597E-4C0E-ADFD-FC4C897B2085}.Debug|Mixed Platforms.ActiveCfg = Debug|x64
		{F555A574-597E-4C0E-ADFD-FC4C897B2085}.Debug|Mixed Platforms.Build.0 = Debug|x64
		{F555A574-597E-4C0E-ADFD-FC4C897B2085}.Debug|Win32.ActiveCfg = Debug|Win32
		{F555A574-597E-4C0E-ADFD-FC4C897B2085}.Debug|Win32.Build.0 = Debug|Win32
		{F555A574-597E-4C0E-ADFD-FC4C897B2085}.Debug|x64.ActiveCfg = Debug|x64
		{F555A574-597E-4C0E-ADFD-FC4C897B2085}.Debug|x64.Build.0 = Debug|x64
		{F555A574-597E-4C0E-ADFD-FC4C897B2085}.Release|Any CPU.ActiveCfg = Release|Win32
		{F555A574-597E-4C0E-ADFD-FC4C897B2085}.Release|Mixed Platforms.ActiveCfg = Release|x64
		{F555A574-597E-4C0E-ADFD-FC4C897B2085}.Release|Win32.ActiveCfg = Release|Win32
		{F555A574-597E-4C0E-ADFD-FC4C897B2085}.Release|Win32.Build.0 = Release|Win32
		{F555A574-597E-4C0E-ADFD-FC4C897B2085}.Release|x64.ActiveCfg = Release|x64
		{F555A574-597E-4C0E-ADFD-FC4C897B2085}.Release|x64.Build.0 = Release|x64
		{1D0DEA6C-018D-4ABA-A143-96C3AA558D05}.Debug|Any CPU.ActiveCfg = Debug|Win32
		{1D0DEA6C-018D-4ABA-A143-96C3AA558D05}.Debug|Mixed Platforms.ActiveCfg = Debug|Win32
		{1D0DEA6C-018D-4ABA-A143-96C3AA558D05}.Debug|Mixed Platforms.Build.0 = Debug|Win32
		{1D0DEA6C-018D-4ABA-A143-96C3AA558D05}.Debug|Win32.ActiveCfg = Debug|Win32
		{1D0DEA6C-018D-4ABA-A143-96C3AA558D05}.Debug|Win32.Build.0 = Debug|Win32
		{1D0DEA6C-018D-4ABA-A143-96C3AA558D05}.Debug|x64.ActiveCfg = Debug|x64
		{1D0DEA6C-018D-4ABA-A143-96C3AA558D05}.Debug|x64.Build.0 = Debug|x64
		{1D0DEA6C-018D-4ABA-A143-96C3AA558D05}.Release|Any CPU.ActiveCfg = Release|Win32
		{1D0DEA6C-018D-4ABA-A143-96C3AA558D05}.Release|Mixed Platforms.ActiveCfg = Release|Win32
		{1D0DEA6C-018D-4ABA-A143-96C3AA558D05}.Release|Mixed Platforms.Build.0 = Release|Win32
		{1D0DEA6C-018D-4ABA-A143-96C3AA558D05}.Release|Win32.ActiveCfg = Release|Win32
		{1D0DEA6C-018D-4ABA-A143-96C3AA558D05}.Release|Win32.Build.0 = Release|Win32
		{1D0DEA6C-018D-4ABA-A143-96C3AA558D05}.Release|x64.ActiveCfg = Release|x64
		{1D0DEA6C-018D-4ABA-A143-96C3AA558D05}.Release|x64.Build.0 = Release|x64
		{1B84AF52-C9CA-40E6-BAAC-EF2D5AC09104}.Debug|Any CPU.ActiveCfg = Debug|Win32
		{1B84AF52-C9CA-40E6-BAAC-EF2D5AC09104}.Debug|Mixed Platforms.ActiveCfg = Debug|Win32
		{1B84AF52-C9CA-40E6-BAAC-EF2D5AC09104}.Debug|Mixed Platforms.Build.0 = Debug|Win32
		{1B84AF52-C9CA-40E6-BAAC-EF2D5AC09104}.Debug|Win32.ActiveCfg = Debug|Win32
		{1B84AF52-C9CA-40E6-BAAC-EF2D5AC09104}.Debug|Win32.Build.0 = Debug|Win32
		{1B84AF52-C9CA-40E6-BAAC-EF2D5AC09104}.Debug|x64.ActiveCfg = Debug|x64
		{1B84AF52-C9CA-40E6-BAAC-EF2D5AC09104}.Release|Any CPU.ActiveCfg = Release|Win32
		{1B84AF52-C9CA-40E6-BAAC-EF2D5AC09104}.Release|Mixed Platforms.ActiveCfg = Release|Win32
		{1B84AF52-C9CA-40E6-BAAC-EF2D5AC09104}.Release|Mixed Platforms.Build.0 = Release|Win32
		{1B84AF52-C9CA-40E6-BAAC-EF2D5AC09104}.Release|Win32.ActiveCfg = Release|Win32
		{1B84AF52-C9CA-40E6-BAAC-EF2D5AC09104}.Release|Win32.Build.0 = Release|Win32
		{1B84AF52-C9CA-40E6-BAAC-EF2D5AC09104}.Release|x64.ActiveCfg = Release|x64
		{1B84AF52-C9CA-40E6-BAAC-EF2D5AC09104}.Release|x64.Build.0 = Release|x64
		{A66B0876-A757-410B-BA9D-539BAFA7C3E2}.Debug|Any CPU.ActiveCfg = Debug|Win32
		{A66B0876-A757-410B-BA9D-539BAFA7C3E2}.Debug|Mixed Platforms.ActiveCfg = Debug|Win32
		{A66B0876-A757-410B-BA9D-539BAFA7C3E2}.Debug|Mixed Platforms.Build.0 = Debug|Win32
		{A66B0876-A757-410B-BA9D-539BAFA7C3E2}.Debug|Win32.ActiveCfg = Debug|Win32
		{A66B0876-A757-410B-BA9D-539BAFA7C3E2}.Debug|Win32.Build.0 = Debug|Win32
		{A66B0876-A757-410B-BA9D-539BAFA7C3E2}.Debug|x64.ActiveCfg = Debug|x64
		{A66B0876-A757-410B-BA9D-539BAFA7C3E2}.Release|Any CPU.ActiveCfg = Release|Win32
		{A66B0876-A757-410B-BA9D-539BAFA7C3E2}.Release|Mixed Platforms.ActiveCfg = Release|Win32
		{A66B0876-A757-410B-BA9D-539BAFA7C3E2}.Release|Mixed Platforms.Build.0 = Release|Win32
		{A66B0876-A757-410B-BA9D-539BAFA7C3E2}.Release|Win32.ActiveCfg = Release|Win32
		{A66B0876-A757-410B-BA9D-539BAFA7C3E2}.Release|Win32.Build.0 = Release|Win32
		{A66B0876-A757-410B-BA9D-539BAFA7C3E2}.Release|x64.ActiveCfg = Release|x64
		{A66B0876-A757-410B-BA9D-539BAFA7C3E2}.Release|x64.Build.0 = Release|x64
		{F1B7F2D6-7C54-4BC7-9129-319D44847E49}.Debug|Any CPU.ActiveCfg = Debug|Any CPU
		{F1B7F2D6-7C54-4BC7-9129-319D44847E49}.Debug|Any CPU.Build.0 = Debug|Any CPU
		{F1B7F2D6-7C54-4BC7-9129-319D44847E49}.Debug|Mixed Platforms.ActiveCfg = Debug|x64
		{F1B7F2D6-7C54-4BC7-9129-319D44847E49}.Debug|Mixed Platforms.Build.0 = Debug|x64
		{F1B7F2D6-7C54-4BC7-9129-319D44847E49}.Debug|Win32.ActiveCfg = Debug|Any CPU
		{F1B7F2D6-7C54-4BC7-9129-319D44847E49}.Debug|x64.ActiveCfg = Debug|x64
		{F1B7F2D6-7C54-4BC7-9129-319D44847E49}.Debug|x64.Build.0 = Debug|x64
		{F1B7F2D6-7C54-4BC7-9129-319D44847E49}.Release|Any CPU.ActiveCfg = Release|Any CPU
		{F1B7F2D6-7C54-4BC7-9129-319D44847E49}.Release|Any CPU.Build.0 = Release|Any CPU
		{F1B7F2D6-7C54-4BC7-9129-319D44847E49}.Release|Mixed Platforms.ActiveCfg = Release|Any CPU
		{F1B7F2D6-7C54-4BC7-9129-319D44847E49}.Release|Mixed Platforms.Build.0 = Release|Any CPU
		{F1B7F2D6-7C54-4BC7-9129-319D44847E49}.Release|Win32.ActiveCfg = Release|Any CPU
		{F1B7F2D6-7C54-4BC7-9129-319D44847E49}.Release|x64.ActiveCfg = Release|x64
		{F1B7F2D6-7C54-4BC7-9129-319D44847E49}.Release|x64.Build.0 = Release|x64
		{B7B07E1C-B763-4D68-B342-0CCB6E94A484}.Debug|Any CPU.ActiveCfg = Debug|Win32
		{B7B07E1C-B763-4D68-B342-0CCB6E94A484}.Debug|Mixed Platforms.ActiveCfg = Debug|Win32
		{B7B07E1C-B763-4D68-B342-0CCB6E94A484}.Debug|Mixed Platforms.Build.0 = Debug|Win32
		{B7B07E1C-B763-4D68-B342-0CCB6E94A484}.Debug|Win32.ActiveCfg = Debug|Win32
		{B7B07E1C-B763-4D68-B342-0CCB6E94A484}.Debug|Win32.Build.0 = Debug|Win32
		{B7B07E1C-B763-4D68-B342-0CCB6E94A484}.Debug|x64.ActiveCfg = Debug|x64
		{B7B07E1C-B763-4D68-B342-0CCB6E94A484}.Release|Any CPU.ActiveCfg = Release|Win32
		{B7B07E1C-B763-4D68-B342-0CCB6E94A484}.Release|Mixed Platforms.ActiveCfg = Release|Win32
		{B7B07E1C-B763-4D68-B342-0CCB6E94A484}.Release|Mixed Platforms.Build.0 = Release|Win32
		{B7B07E1C-B763-4D68-B342-0CCB6E94A484}.Release|Win32.ActiveCfg = Release|Win32
		{B7B07E1C-B763-4D68-B342-0CCB6E94A484}.Release|Win32.Build.0 = Release|Win32
		{B7B07E1C-B763-4D68-B342-0CCB6E94A484}.Release|x64.ActiveCfg = Release|x64
		{DD50DF2E-A57E-4B99-ADF6-9A8083952AF6}.Debug|Any CPU.ActiveCfg = Debug|Win32
		{DD50DF2E-A57E-4B99-ADF6-9A8083952AF6}.Debug|Mixed Platforms.ActiveCfg = Debug|Win32
		{DD50DF2E-A57E-4B99-ADF6-9A8083952AF6}.Debug|Mixed Platforms.Build.0 = Debug|Win32
		{DD50DF2E-A57E-4B99-ADF6-9A8083952AF6}.Debug|Win32.ActiveCfg = Debug|Win32
		{DD50DF2E-A57E-4B99-ADF6-9A8083952AF6}.Debug|Win32.Build.0 = Debug|Win32
		{DD50DF2E-A57E-4B99-ADF6-9A8083952AF6}.Debug|x64.ActiveCfg = Debug|x64
		{DD50DF2E-A57E-4B99-ADF6-9A8083952AF6}.Debug|x64.Build.0 = Debug|x64
		{DD50DF2E-A57E-4B99-ADF6-9A8083952AF6}.Release|Any CPU.ActiveCfg = Release|Win32
		{DD50DF2E-A57E-4B99-ADF6-9A8083952AF6}.Release|Mixed Platforms.ActiveCfg = Release|Win32
		{DD50DF2E-A57E-4B99-ADF6-9A8083952AF6}.Release|Mixed Platforms.Build.0 = Release|Win32
		{DD50DF2E-A57E-4B99-ADF6-9A8083952AF6}.Release|Win32.ActiveCfg = Release|Win32
		{DD50DF2E-A57E-4B99-ADF6-9A8083952AF6}.Release|Win32.Build.0 = Release|Win32
		{DD50DF2E-A57E-4B99-ADF6-9A8083952AF6}.Release|x64.ActiveCfg = Release|x64
		{DD50DF2E-A57E-4B99-ADF6-9A8083952AF6}.Release|x64.Build.0 = Release|x64
		{BF4B5440-1F73-4D30-9868-7C92489020FF}.Debug|Any CPU.ActiveCfg = Debug|Any CPU
		{BF4B5440-1F73-4D30-9868-7C92489020FF}.Debug|Any CPU.Build.0 = Debug|Any CPU
		{BF4B5440-1F73-4D30-9868-7C92489020FF}.Debug|Mixed Platforms.ActiveCfg = Debug|x64
		{BF4B5440-1F73-4D30-9868-7C92489020FF}.Debug|Mixed Platforms.Build.0 = Debug|x64
		{BF4B5440-1F73-4D30-9868-7C92489020FF}.Debug|Win32.ActiveCfg = Debug|Any CPU
		{BF4B5440-1F73-4D30-9868-7C92489020FF}.Debug|x64.ActiveCfg = Debug|x64
		{BF4B5440-1F73-4D30-9868-7C92489020FF}.Debug|x64.Build.0 = Debug|x64
		{BF4B5440-1F73-4D30-9868-7C92489020FF}.Release|Any CPU.ActiveCfg = Release|Any CPU
		{BF4B5440-1F73-4D30-9868-7C92489020FF}.Release|Any CPU.Build.0 = Release|Any CPU
		{BF4B5440-1F73-4D30-9868-7C92489020FF}.Release|Mixed Platforms.ActiveCfg = Release|Any CPU
		{BF4B5440-1F73-4D30-9868-7C92489020FF}.Release|Mixed Platforms.Build.0 = Release|Any CPU
		{BF4B5440-1F73-4D30-9868-7C92489020FF}.Release|Win32.ActiveCfg = Release|Any CPU
		{BF4B5440-1F73-4D30-9868-7C92489020FF}.Release|x64.ActiveCfg = Release|x64
		{9D864519-7265-4787-A471-A2477BCA0FBB}.Debug|Any CPU.ActiveCfg = Debug|Any CPU
		{9D864519-7265-4787-A471-A2477BCA0FBB}.Debug|Any CPU.Build.0 = Debug|Any CPU
		{9D864519-7265-4787-A471-A2477BCA0FBB}.Debug|Mixed Platforms.ActiveCfg = Debug|Any CPU
		{9D864519-7265-4787-A471-A2477BCA0FBB}.Debug|Mixed Platforms.Build.0 = Debug|Any CPU
		{9D864519-7265-4787-A471-A2477BCA0FBB}.Debug|Win32.ActiveCfg = Debug|Any CPU
		{9D864519-7265-4787-A471-A2477BCA0FBB}.Debug|x64.ActiveCfg = Debug|x64
		{9D864519-7265-4787-A471-A2477BCA0FBB}.Debug|x64.Build.0 = Debug|x64
		{9D864519-7265-4787-A471-A2477BCA0FBB}.Release|Any CPU.ActiveCfg = Release|Any CPU
		{9D864519-7265-4787-A471-A2477BCA0FBB}.Release|Any CPU.Build.0 = Release|Any CPU
		{9D864519-7265-4787-A471-A2477BCA0FBB}.Release|Mixed Platforms.ActiveCfg = Release|Any CPU
		{9D864519-7265-4787-A471-A2477BCA0FBB}.Release|Mixed Platforms.Build.0 = Release|Any CPU
		{9D864519-7265-4787-A471-A2477BCA0FBB}.Release|Win32.ActiveCfg = Release|Any CPU
		{9D864519-7265-4787-A471-A2477BCA0FBB}.Release|x64.ActiveCfg = Release|x64
		{9D864519-7265-4787-A471-A2477BCA0FBB}.Release|x64.Build.0 = Release|x64
		{2A3E4ACF-5EB3-4B4E-BB9E-3E13CE6DC20C}.Debug|Any CPU.ActiveCfg = Debug|Any CPU
		{2A3E4ACF-5EB3-4B4E-BB9E-3E13CE6DC20C}.Debug|Any CPU.Build.0 = Debug|Any CPU
		{2A3E4ACF-5EB3-4B4E-BB9E-3E13CE6DC20C}.Debug|Mixed Platforms.ActiveCfg = Debug|Any CPU
		{2A3E4ACF-5EB3-4B4E-BB9E-3E13CE6DC20C}.Debug|Mixed Platforms.Build.0 = Debug|Any CPU
		{2A3E4ACF-5EB3-4B4E-BB9E-3E13CE6DC20C}.Debug|Win32.ActiveCfg = Debug|Any CPU
		{2A3E4ACF-5EB3-4B4E-BB9E-3E13CE6DC20C}.Debug|x64.ActiveCfg = Debug|x64
		{2A3E4ACF-5EB3-4B4E-BB9E-3E13CE6DC20C}.Release|Any CPU.ActiveCfg = Release|Any CPU
		{2A3E4ACF-5EB3-4B4E-BB9E-3E13CE6DC20C}.Release|Any CPU.Build.0 = Release|Any CPU
		{2A3E4ACF-5EB3-4B4E-BB9E-3E13CE6DC20C}.Release|Mixed Platforms.ActiveCfg = Release|Any CPU
		{2A3E4ACF-5EB3-4B4E-BB9E-3E13CE6DC20C}.Release|Mixed Platforms.Build.0 = Release|Any CPU
		{2A3E4ACF-5EB3-4B4E-BB9E-3E13CE6DC20C}.Release|Win32.ActiveCfg = Release|Any CPU
		{2A3E4ACF-5EB3-4B4E-BB9E-3E13CE6DC20C}.Release|x64.ActiveCfg = Release|x64
		{EDDBB763-089A-4AE0-8B51-D71C3457B09D}.Debug|Any CPU.ActiveCfg = Debug|Win32
		{EDDBB763-089A-4AE0-8B51-D71C3457B09D}.Debug|Mixed Platforms.ActiveCfg = Debug|Win32
		{EDDBB763-089A-4AE0-8B51-D71C3457B09D}.Debug|Mixed Platforms.Build.0 = Debug|Win32
		{EDDBB763-089A-4AE0-8B51-D71C3457B09D}.Debug|Win32.ActiveCfg = Debug|Win32
		{EDDBB763-089A-4AE0-8B51-D71C3457B09D}.Debug|Win32.Build.0 = Debug|Win32
		{EDDBB763-089A-4AE0-8B51-D71C3457B09D}.Debug|x64.ActiveCfg = Debug|x64
		{EDDBB763-089A-4AE0-8B51-D71C3457B09D}.Release|Any CPU.ActiveCfg = Release|Win32
		{EDDBB763-089A-4AE0-8B51-D71C3457B09D}.Release|Mixed Platforms.ActiveCfg = Release|Win32
		{EDDBB763-089A-4AE0-8B51-D71C3457B09D}.Release|Mixed Platforms.Build.0 = Release|Win32
		{EDDBB763-089A-4AE0-8B51-D71C3457B09D}.Release|Win32.ActiveCfg = Release|Win32
		{EDDBB763-089A-4AE0-8B51-D71C3457B09D}.Release|Win32.Build.0 = Release|Win32
		{EDDBB763-089A-4AE0-8B51-D71C3457B09D}.Release|x64.ActiveCfg = Release|x64
		{E3349FCD-5AB5-45DC-9C90-102436EBB220}.Debug|Any CPU.ActiveCfg = Debug|Any CPU
		{E3349FCD-5AB5-45DC-9C90-102436EBB220}.Debug|Any CPU.Build.0 = Debug|Any CPU
		{E3349FCD-5AB5-45DC-9C90-102436EBB220}.Debug|Mixed Platforms.ActiveCfg = Debug|Any CPU
		{E3349FCD-5AB5-45DC-9C90-102436EBB220}.Debug|Mixed Platforms.Build.0 = Debug|Any CPU
		{E3349FCD-5AB5-45DC-9C90-102436EBB220}.Debug|Win32.ActiveCfg = Debug|Any CPU
		{E3349FCD-5AB5-45DC-9C90-102436EBB220}.Debug|x64.ActiveCfg = Debug|x64
		{E3349FCD-5AB5-45DC-9C90-102436EBB220}.Release|Any CPU.ActiveCfg = Release|Any CPU
		{E3349FCD-5AB5-45DC-9C90-102436EBB220}.Release|Any CPU.Build.0 = Release|Any CPU
		{E3349FCD-5AB5-45DC-9C90-102436EBB220}.Release|Mixed Platforms.ActiveCfg = Release|Any CPU
		{E3349FCD-5AB5-45DC-9C90-102436EBB220}.Release|Mixed Platforms.Build.0 = Release|Any CPU
		{E3349FCD-5AB5-45DC-9C90-102436EBB220}.Release|Win32.ActiveCfg = Release|Any CPU
		{E3349FCD-5AB5-45DC-9C90-102436EBB220}.Release|x64.ActiveCfg = Release|x64
		{C2097C97-764F-4323-8E32-F59129889601}.Debug|Any CPU.ActiveCfg = Debug|Any CPU
		{C2097C97-764F-4323-8E32-F59129889601}.Debug|Any CPU.Build.0 = Debug|Any CPU
		{C2097C97-764F-4323-8E32-F59129889601}.Debug|Mixed Platforms.ActiveCfg = Debug|Any CPU
		{C2097C97-764F-4323-8E32-F59129889601}.Debug|Mixed Platforms.Build.0 = Debug|Any CPU
		{C2097C97-764F-4323-8E32-F59129889601}.Debug|Win32.ActiveCfg = Debug|Any CPU
		{C2097C97-764F-4323-8E32-F59129889601}.Debug|x64.ActiveCfg = Debug|x64
		{C2097C97-764F-4323-8E32-F59129889601}.Release|Any CPU.ActiveCfg = Release|Any CPU
		{C2097C97-764F-4323-8E32-F59129889601}.Release|Any CPU.Build.0 = Release|Any CPU
		{C2097C97-764F-4323-8E32-F59129889601}.Release|Mixed Platforms.ActiveCfg = Release|Any CPU
		{C2097C97-764F-4323-8E32-F59129889601}.Release|Mixed Platforms.Build.0 = Release|Any CPU
		{C2097C97-764F-4323-8E32-F59129889601}.Release|Win32.ActiveCfg = Release|Any CPU
		{C2097C97-764F-4323-8E32-F59129889601}.Release|x64.ActiveCfg = Release|x64
		{7B583F3A-D2EA-458F-9C9B-A68B2EBE80B2}.Debug|Any CPU.ActiveCfg = Debug|Win32
		{7B583F3A-D2EA-458F-9C9B-A68B2EBE80B2}.Debug|Mixed Platforms.ActiveCfg = Debug|Win32
		{7B583F3A-D2EA-458F-9C9B-A68B2EBE80B2}.Debug|Mixed Platforms.Build.0 = Debug|Win32
		{7B583F3A-D2EA-458F-9C9B-A68B2EBE80B2}.Debug|Win32.ActiveCfg = Debug|Win32
		{7B583F3A-D2EA-458F-9C9B-A68B2EBE80B2}.Debug|Win32.Build.0 = Debug|Win32
		{7B583F3A-D2EA-458F-9C9B-A68B2EBE80B2}.Debug|x64.ActiveCfg = Debug|x64
		{7B583F3A-D2EA-458F-9C9B-A68B2EBE80B2}.Release|Any CPU.ActiveCfg = Release|Win32
		{7B583F3A-D2EA-458F-9C9B-A68B2EBE80B2}.Release|Mixed Platforms.ActiveCfg = Release|Win32
		{7B583F3A-D2EA-458F-9C9B-A68B2EBE80B2}.Release|Mixed Platforms.Build.0 = Release|Win32
		{7B583F3A-D2EA-458F-9C9B-A68B2EBE80B2}.Release|Win32.ActiveCfg = Release|Win32
		{7B583F3A-D2EA-458F-9C9B-A68B2EBE80B2}.Release|Win32.Build.0 = Release|Win32
		{7B583F3A-D2EA-458F-9C9B-A68B2EBE80B2}.Release|x64.ActiveCfg = Release|x64
		{7B583F3A-D2EA-458F-9C9B-A68B2EBE80B2}.Release|x64.Build.0 = Release|x64
		{5012AE33-1866-4166-9D67-43E0570A2DF7}.Debug|Any CPU.ActiveCfg = Debug|Any CPU
		{5012AE33-1866-4166-9D67-43E0570A2DF7}.Debug|Any CPU.Build.0 = Debug|Any CPU
		{5012AE33-1866-4166-9D67-43E0570A2DF7}.Debug|Mixed Platforms.ActiveCfg = Debug|Any CPU
		{5012AE33-1866-4166-9D67-43E0570A2DF7}.Debug|Mixed Platforms.Build.0 = Debug|Any CPU
		{5012AE33-1866-4166-9D67-43E0570A2DF7}.Debug|Win32.ActiveCfg = Debug|Any CPU
		{5012AE33-1866-4166-9D67-43E0570A2DF7}.Debug|x64.ActiveCfg = Debug|x64
		{5012AE33-1866-4166-9D67-43E0570A2DF7}.Release|Any CPU.ActiveCfg = Release|Any CPU
		{5012AE33-1866-4166-9D67-43E0570A2DF7}.Release|Any CPU.Build.0 = Release|Any CPU
		{5012AE33-1866-4166-9D67-43E0570A2DF7}.Release|Mixed Platforms.ActiveCfg = Release|Any CPU
		{5012AE33-1866-4166-9D67-43E0570A2DF7}.Release|Mixed Platforms.Build.0 = Release|Any CPU
		{5012AE33-1866-4166-9D67-43E0570A2DF7}.Release|Win32.ActiveCfg = Release|Any CPU
		{5012AE33-1866-4166-9D67-43E0570A2DF7}.Release|x64.ActiveCfg = Release|x64
		{F653C928-B599-42E9-9A0F-72E58A9EA7FA}.Debug|Any CPU.ActiveCfg = Debug|Any CPU
		{F653C928-B599-42E9-9A0F-72E58A9EA7FA}.Debug|Any CPU.Build.0 = Debug|Any CPU
		{F653C928-B599-42E9-9A0F-72E58A9EA7FA}.Debug|Mixed Platforms.ActiveCfg = Debug|Any CPU
		{F653C928-B599-42E9-9A0F-72E58A9EA7FA}.Debug|Mixed Platforms.Build.0 = Debug|Any CPU
		{F653C928-B599-42E9-9A0F-72E58A9EA7FA}.Debug|Win32.ActiveCfg = Debug|Any CPU
		{F653C928-B599-42E9-9A0F-72E58A9EA7FA}.Debug|x64.ActiveCfg = Debug|x64
		{F653C928-B599-42E9-9A0F-72E58A9EA7FA}.Release|Any CPU.ActiveCfg = Release|Any CPU
		{F653C928-B599-42E9-9A0F-72E58A9EA7FA}.Release|Any CPU.Build.0 = Release|Any CPU
		{F653C928-B599-42E9-9A0F-72E58A9EA7FA}.Release|Mixed Platforms.ActiveCfg = Release|Any CPU
		{F653C928-B599-42E9-9A0F-72E58A9EA7FA}.Release|Mixed Platforms.Build.0 = Release|Any CPU
		{F653C928-B599-42E9-9A0F-72E58A9EA7FA}.Release|Win32.ActiveCfg = Release|Any CPU
		{F653C928-B599-42E9-9A0F-72E58A9EA7FA}.Release|x64.ActiveCfg = Release|x64
		{BFE44AD8-B0B0-4C4E-8363-A1776D47A301}.Debug|Any CPU.ActiveCfg = Debug|Any CPU
		{BFE44AD8-B0B0-4C4E-8363-A1776D47A301}.Debug|Any CPU.Build.0 = Debug|Any CPU
		{BFE44AD8-B0B0-4C4E-8363-A1776D47A301}.Debug|Mixed Platforms.ActiveCfg = Debug|Any CPU
		{BFE44AD8-B0B0-4C4E-8363-A1776D47A301}.Debug|Mixed Platforms.Build.0 = Debug|Any CPU
		{BFE44AD8-B0B0-4C4E-8363-A1776D47A301}.Debug|Win32.ActiveCfg = Debug|Any CPU
		{BFE44AD8-B0B0-4C4E-8363-A1776D47A301}.Debug|x64.ActiveCfg = Debug|x64
		{BFE44AD8-B0B0-4C4E-8363-A1776D47A301}.Debug|x64.Build.0 = Debug|x64
		{BFE44AD8-B0B0-4C4E-8363-A1776D47A301}.Release|Any CPU.ActiveCfg = Release|Any CPU
		{BFE44AD8-B0B0-4C4E-8363-A1776D47A301}.Release|Any CPU.Build.0 = Release|Any CPU
		{BFE44AD8-B0B0-4C4E-8363-A1776D47A301}.Release|Mixed Platforms.ActiveCfg = Release|Any CPU
		{BFE44AD8-B0B0-4C4E-8363-A1776D47A301}.Release|Mixed Platforms.Build.0 = Release|Any CPU
		{BFE44AD8-B0B0-4C4E-8363-A1776D47A301}.Release|Win32.ActiveCfg = Release|Any CPU
		{BFE44AD8-B0B0-4C4E-8363-A1776D47A301}.Release|x64.ActiveCfg = Release|x64
		{BFE44AD8-B0B0-4C4E-8363-A1776D47A301}.Release|x64.Build.0 = Release|x64
		{6B1A31D8-73AF-46F9-BA84-CC3D7085C8B2}.Debug|Any CPU.ActiveCfg = Debug|Any CPU
		{6B1A31D8-73AF-46F9-BA84-CC3D7085C8B2}.Debug|Any CPU.Build.0 = Debug|Any CPU
		{6B1A31D8-73AF-46F9-BA84-CC3D7085C8B2}.Debug|Mixed Platforms.ActiveCfg = Debug|Any CPU
		{6B1A31D8-73AF-46F9-BA84-CC3D7085C8B2}.Debug|Mixed Platforms.Build.0 = Debug|Any CPU
		{6B1A31D8-73AF-46F9-BA84-CC3D7085C8B2}.Debug|Win32.ActiveCfg = Debug|Any CPU
		{6B1A31D8-73AF-46F9-BA84-CC3D7085C8B2}.Debug|x64.ActiveCfg = Debug|x64
		{6B1A31D8-73AF-46F9-BA84-CC3D7085C8B2}.Release|Any CPU.ActiveCfg = Release|Any CPU
		{6B1A31D8-73AF-46F9-BA84-CC3D7085C8B2}.Release|Any CPU.Build.0 = Release|Any CPU
		{6B1A31D8-73AF-46F9-BA84-CC3D7085C8B2}.Release|Mixed Platforms.ActiveCfg = Release|Any CPU
		{6B1A31D8-73AF-46F9-BA84-CC3D7085C8B2}.Release|Mixed Platforms.Build.0 = Release|Any CPU
		{6B1A31D8-73AF-46F9-BA84-CC3D7085C8B2}.Release|Win32.ActiveCfg = Release|Any CPU
		{6B1A31D8-73AF-46F9-BA84-CC3D7085C8B2}.Release|x64.ActiveCfg = Release|x64
		{6B1A31D8-73AF-46F9-BA84-CC3D7085C8B2}.Release|x64.Build.0 = Release|x64
		{6505D3D2-3994-4BE6-8110-585070BCC955}.Debug|Any CPU.ActiveCfg = Debug|Any CPU
		{6505D3D2-3994-4BE6-8110-585070BCC955}.Debug|Any CPU.Build.0 = Debug|Any CPU
		{6505D3D2-3994-4BE6-8110-585070BCC955}.Debug|Mixed Platforms.ActiveCfg = Debug|Any CPU
		{6505D3D2-3994-4BE6-8110-585070BCC955}.Debug|Mixed Platforms.Build.0 = Debug|Any CPU
		{6505D3D2-3994-4BE6-8110-585070BCC955}.Debug|Win32.ActiveCfg = Debug|Any CPU
		{6505D3D2-3994-4BE6-8110-585070BCC955}.Debug|x64.ActiveCfg = Debug|x64
		{6505D3D2-3994-4BE6-8110-585070BCC955}.Debug|x64.Build.0 = Debug|x64
		{6505D3D2-3994-4BE6-8110-585070BCC955}.Release|Any CPU.ActiveCfg = Release|Any CPU
		{6505D3D2-3994-4BE6-8110-585070BCC955}.Release|Any CPU.Build.0 = Release|Any CPU
		{6505D3D2-3994-4BE6-8110-585070BCC955}.Release|Mixed Platforms.ActiveCfg = Release|Any CPU
		{6505D3D2-3994-4BE6-8110-585070BCC955}.Release|Mixed Platforms.Build.0 = Release|Any CPU
		{6505D3D2-3994-4BE6-8110-585070BCC955}.Release|Win32.ActiveCfg = Release|Any CPU
		{6505D3D2-3994-4BE6-8110-585070BCC955}.Release|x64.ActiveCfg = Release|x64
		{6505D3D2-3994-4BE6-8110-585070BCC955}.Release|x64.Build.0 = Release|x64
		{97D447DE-0FDF-4C19-A2C1-C887A2B7FF57}.Debug|Any CPU.ActiveCfg = Debug|Win32
		{97D447DE-0FDF-4C19-A2C1-C887A2B7FF57}.Debug|Mixed Platforms.ActiveCfg = Debug|Win32
		{97D447DE-0FDF-4C19-A2C1-C887A2B7FF57}.Debug|Mixed Platforms.Build.0 = Debug|Win32
		{97D447DE-0FDF-4C19-A2C1-C887A2B7FF57}.Debug|Win32.ActiveCfg = Debug|Win32
		{97D447DE-0FDF-4C19-A2C1-C887A2B7FF57}.Debug|Win32.Build.0 = Debug|Win32
		{97D447DE-0FDF-4C19-A2C1-C887A2B7FF57}.Debug|x64.ActiveCfg = Debug|x64
		{97D447DE-0FDF-4C19-A2C1-C887A2B7FF57}.Release|Any CPU.ActiveCfg = Release|Win32
		{97D447DE-0FDF-4C19-A2C1-C887A2B7FF57}.Release|Mixed Platforms.ActiveCfg = Release|Win32
		{97D447DE-0FDF-4C19-A2C1-C887A2B7FF57}.Release|Mixed Platforms.Build.0 = Release|Win32
		{97D447DE-0FDF-4C19-A2C1-C887A2B7FF57}.Release|Win32.ActiveCfg = Release|Win32
		{97D447DE-0FDF-4C19-A2C1-C887A2B7FF57}.Release|Win32.Build.0 = Release|Win32
		{97D447DE-0FDF-4C19-A2C1-C887A2B7FF57}.Release|x64.ActiveCfg = Release|x64
		{C27321D3-BCA5-4A9C-8654-55446BE4C4F9}.Debug|Any CPU.ActiveCfg = Debug|Any CPU
		{C27321D3-BCA5-4A9C-8654-55446BE4C4F9}.Debug|Any CPU.Build.0 = Debug|Any CPU
		{C27321D3-BCA5-4A9C-8654-55446BE4C4F9}.Debug|Mixed Platforms.ActiveCfg = Debug|Any CPU
		{C27321D3-BCA5-4A9C-8654-55446BE4C4F9}.Debug|Mixed Platforms.Build.0 = Debug|Any CPU
		{C27321D3-BCA5-4A9C-8654-55446BE4C4F9}.Debug|Win32.ActiveCfg = Debug|Any CPU
		{C27321D3-BCA5-4A9C-8654-55446BE4C4F9}.Debug|x64.ActiveCfg = Debug|x64
		{C27321D3-BCA5-4A9C-8654-55446BE4C4F9}.Release|Any CPU.ActiveCfg = Release|Any CPU
		{C27321D3-BCA5-4A9C-8654-55446BE4C4F9}.Release|Any CPU.Build.0 = Release|Any CPU
		{C27321D3-BCA5-4A9C-8654-55446BE4C4F9}.Release|Mixed Platforms.ActiveCfg = Release|Any CPU
		{C27321D3-BCA5-4A9C-8654-55446BE4C4F9}.Release|Mixed Platforms.Build.0 = Release|Any CPU
		{C27321D3-BCA5-4A9C-8654-55446BE4C4F9}.Release|Win32.ActiveCfg = Release|Any CPU
		{C27321D3-BCA5-4A9C-8654-55446BE4C4F9}.Release|x64.ActiveCfg = Release|x64
		{85BE5081-F82A-439A-AD63-1C36BA88F111}.Debug|Any CPU.ActiveCfg = Debug|Any CPU
		{85BE5081-F82A-439A-AD63-1C36BA88F111}.Debug|Any CPU.Build.0 = Debug|Any CPU
		{85BE5081-F82A-439A-AD63-1C36BA88F111}.Debug|Mixed Platforms.ActiveCfg = Debug|Any CPU
		{85BE5081-F82A-439A-AD63-1C36BA88F111}.Debug|Mixed Platforms.Build.0 = Debug|Any CPU
		{85BE5081-F82A-439A-AD63-1C36BA88F111}.Debug|Win32.ActiveCfg = Debug|Any CPU
		{85BE5081-F82A-439A-AD63-1C36BA88F111}.Debug|x64.ActiveCfg = Debug|x64
		{85BE5081-F82A-439A-AD63-1C36BA88F111}.Release|Any CPU.ActiveCfg = Release|Any CPU
		{85BE5081-F82A-439A-AD63-1C36BA88F111}.Release|Any CPU.Build.0 = Release|Any CPU
		{85BE5081-F82A-439A-AD63-1C36BA88F111}.Release|Mixed Platforms.ActiveCfg = Release|Any CPU
		{85BE5081-F82A-439A-AD63-1C36BA88F111}.Release|Mixed Platforms.Build.0 = Release|Any CPU
		{85BE5081-F82A-439A-AD63-1C36BA88F111}.Release|Win32.ActiveCfg = Release|Any CPU
		{85BE5081-F82A-439A-AD63-1C36BA88F111}.Release|x64.ActiveCfg = Release|x64
		{5993E92A-4AC1-418E-80C4-D2B6E890958B}.Debug|Any CPU.ActiveCfg = Debug|Any CPU
		{5993E92A-4AC1-418E-80C4-D2B6E890958B}.Debug|Any CPU.Build.0 = Debug|Any CPU
		{5993E92A-4AC1-418E-80C4-D2B6E890958B}.Debug|Mixed Platforms.ActiveCfg = Debug|Any CPU
		{5993E92A-4AC1-418E-80C4-D2B6E890958B}.Debug|Mixed Platforms.Build.0 = Debug|Any CPU
		{5993E92A-4AC1-418E-80C4-D2B6E890958B}.Debug|Win32.ActiveCfg = Debug|Any CPU
		{5993E92A-4AC1-418E-80C4-D2B6E890958B}.Debug|x64.ActiveCfg = Debug|x64
		{5993E92A-4AC1-418E-80C4-D2B6E890958B}.Release|Any CPU.ActiveCfg = Release|Any CPU
		{5993E92A-4AC1-418E-80C4-D2B6E890958B}.Release|Any CPU.Build.0 = Release|Any CPU
		{5993E92A-4AC1-418E-80C4-D2B6E890958B}.Release|Mixed Platforms.ActiveCfg = Release|Any CPU
		{5993E92A-4AC1-418E-80C4-D2B6E890958B}.Release|Mixed Platforms.Build.0 = Release|Any CPU
		{5993E92A-4AC1-418E-80C4-D2B6E890958B}.Release|Win32.ActiveCfg = Release|Any CPU
		{5993E92A-4AC1-418E-80C4-D2B6E890958B}.Release|x64.ActiveCfg = Release|x64
		{784CA826-F61A-4E50-978E-E3D5641E28EF}.Debug|Any CPU.ActiveCfg = Debug|Win32
		{784CA826-F61A-4E50-978E-E3D5641E28EF}.Debug|Mixed Platforms.ActiveCfg = Debug|Win32
		{784CA826-F61A-4E50-978E-E3D5641E28EF}.Debug|Mixed Platforms.Build.0 = Debug|Win32
		{784CA826-F61A-4E50-978E-E3D5641E28EF}.Debug|Win32.ActiveCfg = Debug|Win32
		{784CA826-F61A-4E50-978E-E3D5641E28EF}.Debug|Win32.Build.0 = Debug|Win32
		{784CA826-F61A-4E50-978E-E3D5641E28EF}.Debug|x64.ActiveCfg = Debug|x64
		{784CA826-F61A-4E50-978E-E3D5641E28EF}.Debug|x64.Build.0 = Debug|x64
		{784CA826-F61A-4E50-978E-E3D5641E28EF}.Release|Any CPU.ActiveCfg = Release|Win32
		{784CA826-F61A-4E50-978E-E3D5641E28EF}.Release|Mixed Platforms.ActiveCfg = Release|Win32
		{784CA826-F61A-4E50-978E-E3D5641E28EF}.Release|Mixed Platforms.Build.0 = Release|Win32
		{784CA826-F61A-4E50-978E-E3D5641E28EF}.Release|Win32.ActiveCfg = Release|Win32
		{784CA826-F61A-4E50-978E-E3D5641E28EF}.Release|Win32.Build.0 = Release|Win32
		{784CA826-F61A-4E50-978E-E3D5641E28EF}.Release|x64.ActiveCfg = Release|x64
		{784CA826-F61A-4E50-978E-E3D5641E28EF}.Release|x64.Build.0 = Release|x64
		{208481B1-95D8-4C5A-9D62-F353C58A077C}.Debug|Any CPU.ActiveCfg = Debug|Any CPU
		{208481B1-95D8-4C5A-9D62-F353C58A077C}.Debug|Any CPU.Build.0 = Debug|Any CPU
		{208481B1-95D8-4C5A-9D62-F353C58A077C}.Debug|Mixed Platforms.ActiveCfg = Debug|Any CPU
		{208481B1-95D8-4C5A-9D62-F353C58A077C}.Debug|Mixed Platforms.Build.0 = Debug|Any CPU
		{208481B1-95D8-4C5A-9D62-F353C58A077C}.Debug|Win32.ActiveCfg = Debug|Any CPU
		{208481B1-95D8-4C5A-9D62-F353C58A077C}.Debug|x64.ActiveCfg = Debug|x64
		{208481B1-95D8-4C5A-9D62-F353C58A077C}.Debug|x64.Build.0 = Debug|x64
		{208481B1-95D8-4C5A-9D62-F353C58A077C}.Release|Any CPU.ActiveCfg = Release|Any CPU
		{208481B1-95D8-4C5A-9D62-F353C58A077C}.Release|Any CPU.Build.0 = Release|Any CPU
		{208481B1-95D8-4C5A-9D62-F353C58A077C}.Release|Mixed Platforms.ActiveCfg = Release|Any CPU
		{208481B1-95D8-4C5A-9D62-F353C58A077C}.Release|Mixed Platforms.Build.0 = Release|Any CPU
		{208481B1-95D8-4C5A-9D62-F353C58A077C}.Release|Win32.ActiveCfg = Release|Any CPU
		{208481B1-95D8-4C5A-9D62-F353C58A077C}.Release|x64.ActiveCfg = Release|x64
		{208481B1-95D8-4C5A-9D62-F353C58A077C}.Release|x64.Build.0 = Release|x64
		{A6AD6D38-BE73-453D-87B9-52DCBDD59587}.Debug|Any CPU.ActiveCfg = Debug|Any CPU
		{A6AD6D38-BE73-453D-87B9-52DCBDD59587}.Debug|Any CPU.Build.0 = Debug|Any CPU
		{A6AD6D38-BE73-453D-87B9-52DCBDD59587}.Debug|Mixed Platforms.ActiveCfg = Debug|Any CPU
		{A6AD6D38-BE73-453D-87B9-52DCBDD59587}.Debug|Mixed Platforms.Build.0 = Debug|Any CPU
		{A6AD6D38-BE73-453D-87B9-52DCBDD59587}.Debug|Win32.ActiveCfg = Debug|Any CPU
		{A6AD6D38-BE73-453D-87B9-52DCBDD59587}.Debug|x64.ActiveCfg = Debug|x64
		{A6AD6D38-BE73-453D-87B9-52DCBDD59587}.Release|Any CPU.ActiveCfg = Release|Any CPU
		{A6AD6D38-BE73-453D-87B9-52DCBDD59587}.Release|Any CPU.Build.0 = Release|Any CPU
		{A6AD6D38-BE73-453D-87B9-52DCBDD59587}.Release|Mixed Platforms.ActiveCfg = Release|Any CPU
		{A6AD6D38-BE73-453D-87B9-52DCBDD59587}.Release|Mixed Platforms.Build.0 = Release|Any CPU
		{A6AD6D38-BE73-453D-87B9-52DCBDD59587}.Release|Win32.ActiveCfg = Release|Any CPU
		{A6AD6D38-BE73-453D-87B9-52DCBDD59587}.Release|x64.ActiveCfg = Release|x64
		{49FF4094-4B75-480A-9B53-E5C66B79A98B}.Debug|Any CPU.ActiveCfg = Debug|Any CPU
		{49FF4094-4B75-480A-9B53-E5C66B79A98B}.Debug|Any CPU.Build.0 = Debug|Any CPU
		{49FF4094-4B75-480A-9B53-E5C66B79A98B}.Debug|Mixed Platforms.ActiveCfg = Debug|Any CPU
		{49FF4094-4B75-480A-9B53-E5C66B79A98B}.Debug|Mixed Platforms.Build.0 = Debug|Any CPU
		{49FF4094-4B75-480A-9B53-E5C66B79A98B}.Debug|Win32.ActiveCfg = Debug|Any CPU
		{49FF4094-4B75-480A-9B53-E5C66B79A98B}.Debug|x64.ActiveCfg = Debug|x64
		{49FF4094-4B75-480A-9B53-E5C66B79A98B}.Debug|x64.Build.0 = Debug|x64
		{49FF4094-4B75-480A-9B53-E5C66B79A98B}.Release|Any CPU.ActiveCfg = Release|Any CPU
		{49FF4094-4B75-480A-9B53-E5C66B79A98B}.Release|Any CPU.Build.0 = Release|Any CPU
		{49FF4094-4B75-480A-9B53-E5C66B79A98B}.Release|Mixed Platforms.ActiveCfg = Release|Any CPU
		{49FF4094-4B75-480A-9B53-E5C66B79A98B}.Release|Mixed Platforms.Build.0 = Release|Any CPU
		{49FF4094-4B75-480A-9B53-E5C66B79A98B}.Release|Win32.ActiveCfg = Release|Any CPU
		{49FF4094-4B75-480A-9B53-E5C66B79A98B}.Release|x64.ActiveCfg = Release|x64
		{49FF4094-4B75-480A-9B53-E5C66B79A98B}.Release|x64.Build.0 = Release|x64
		{B4B43CBE-D390-46D7-9D2D-7503F1A02B90}.Debug|Any CPU.ActiveCfg = Debug|Any CPU
		{B4B43CBE-D390-46D7-9D2D-7503F1A02B90}.Debug|Any CPU.Build.0 = Debug|Any CPU
		{B4B43CBE-D390-46D7-9D2D-7503F1A02B90}.Debug|Mixed Platforms.ActiveCfg = Debug|Any CPU
		{B4B43CBE-D390-46D7-9D2D-7503F1A02B90}.Debug|Mixed Platforms.Build.0 = Debug|Any CPU
		{B4B43CBE-D390-46D7-9D2D-7503F1A02B90}.Debug|Win32.ActiveCfg = Debug|Any CPU
		{B4B43CBE-D390-46D7-9D2D-7503F1A02B90}.Debug|x64.ActiveCfg = Debug|x64
		{B4B43CBE-D390-46D7-9D2D-7503F1A02B90}.Debug|x64.Build.0 = Debug|x64
		{B4B43CBE-D390-46D7-9D2D-7503F1A02B90}.Release|Any CPU.ActiveCfg = Release|Any CPU
		{B4B43CBE-D390-46D7-9D2D-7503F1A02B90}.Release|Any CPU.Build.0 = Release|Any CPU
		{B4B43CBE-D390-46D7-9D2D-7503F1A02B90}.Release|Mixed Platforms.ActiveCfg = Release|Any CPU
		{B4B43CBE-D390-46D7-9D2D-7503F1A02B90}.Release|Mixed Platforms.Build.0 = Release|Any CPU
		{B4B43CBE-D390-46D7-9D2D-7503F1A02B90}.Release|Win32.ActiveCfg = Release|Any CPU
		{B4B43CBE-D390-46D7-9D2D-7503F1A02B90}.Release|x64.ActiveCfg = Release|x64
		{B4B43CBE-D390-46D7-9D2D-7503F1A02B90}.Release|x64.Build.0 = Release|x64
		{0E1F8122-138F-4426-A461-54992789487B}.Debug|Any CPU.ActiveCfg = Debug|Any CPU
		{0E1F8122-138F-4426-A461-54992789487B}.Debug|Any CPU.Build.0 = Debug|Any CPU
		{0E1F8122-138F-4426-A461-54992789487B}.Debug|Mixed Platforms.ActiveCfg = Debug|Any CPU
		{0E1F8122-138F-4426-A461-54992789487B}.Debug|Mixed Platforms.Build.0 = Debug|Any CPU
		{0E1F8122-138F-4426-A461-54992789487B}.Debug|Win32.ActiveCfg = Debug|Any CPU
		{0E1F8122-138F-4426-A461-54992789487B}.Debug|x64.ActiveCfg = Debug|x64
		{0E1F8122-138F-4426-A461-54992789487B}.Debug|x64.Build.0 = Debug|x64
		{0E1F8122-138F-4426-A461-54992789487B}.Release|Any CPU.ActiveCfg = Release|Any CPU
		{0E1F8122-138F-4426-A461-54992789487B}.Release|Any CPU.Build.0 = Release|Any CPU
		{0E1F8122-138F-4426-A461-54992789487B}.Release|Mixed Platforms.ActiveCfg = Release|Any CPU
		{0E1F8122-138F-4426-A461-54992789487B}.Release|Mixed Platforms.Build.0 = Release|Any CPU
		{0E1F8122-138F-4426-A461-54992789487B}.Release|Win32.ActiveCfg = Release|Any CPU
		{0E1F8122-138F-4426-A461-54992789487B}.Release|x64.ActiveCfg = Release|x64
		{0E1F8122-138F-4426-A461-54992789487B}.Release|x64.Build.0 = Release|x64
		{8BAC4F19-F7F7-4916-973F-BC447C323437}.Debug|Any CPU.ActiveCfg = Debug|Any CPU
		{8BAC4F19-F7F7-4916-973F-BC447C323437}.Debug|Any CPU.Build.0 = Debug|Any CPU
		{8BAC4F19-F7F7-4916-973F-BC447C323437}.Debug|Mixed Platforms.ActiveCfg = Debug|Any CPU
		{8BAC4F19-F7F7-4916-973F-BC447C323437}.Debug|Mixed Platforms.Build.0 = Debug|Any CPU
		{8BAC4F19-F7F7-4916-973F-BC447C323437}.Debug|Win32.ActiveCfg = Debug|Any CPU
		{8BAC4F19-F7F7-4916-973F-BC447C323437}.Debug|x64.ActiveCfg = Debug|x64
		{8BAC4F19-F7F7-4916-973F-BC447C323437}.Debug|x64.Build.0 = Debug|x64
		{8BAC4F19-F7F7-4916-973F-BC447C323437}.Release|Any CPU.ActiveCfg = Release|Any CPU
		{8BAC4F19-F7F7-4916-973F-BC447C323437}.Release|Any CPU.Build.0 = Release|Any CPU
		{8BAC4F19-F7F7-4916-973F-BC447C323437}.Release|Mixed Platforms.ActiveCfg = Release|Any CPU
		{8BAC4F19-F7F7-4916-973F-BC447C323437}.Release|Mixed Platforms.Build.0 = Release|Any CPU
		{8BAC4F19-F7F7-4916-973F-BC447C323437}.Release|Win32.ActiveCfg = Release|Any CPU
		{8BAC4F19-F7F7-4916-973F-BC447C323437}.Release|x64.ActiveCfg = Release|x64
		{8BAC4F19-F7F7-4916-973F-BC447C323437}.Release|x64.Build.0 = Release|x64
		{A430C0AB-8F2C-4B49-826C-E6DB9BA16D41}.Debug|Any CPU.ActiveCfg = Debug|Any CPU
		{A430C0AB-8F2C-4B49-826C-E6DB9BA16D41}.Debug|Any CPU.Build.0 = Debug|Any CPU
		{A430C0AB-8F2C-4B49-826C-E6DB9BA16D41}.Debug|Mixed Platforms.ActiveCfg = Debug|Any CPU
		{A430C0AB-8F2C-4B49-826C-E6DB9BA16D41}.Debug|Mixed Platforms.Build.0 = Debug|Any CPU
		{A430C0AB-8F2C-4B49-826C-E6DB9BA16D41}.Debug|Win32.ActiveCfg = Debug|Any CPU
		{A430C0AB-8F2C-4B49-826C-E6DB9BA16D41}.Debug|x64.ActiveCfg = Debug|x64
		{A430C0AB-8F2C-4B49-826C-E6DB9BA16D41}.Debug|x64.Build.0 = Debug|x64
		{A430C0AB-8F2C-4B49-826C-E6DB9BA16D41}.Release|Any CPU.ActiveCfg = Release|Any CPU
		{A430C0AB-8F2C-4B49-826C-E6DB9BA16D41}.Release|Any CPU.Build.0 = Release|Any CPU
		{A430C0AB-8F2C-4B49-826C-E6DB9BA16D41}.Release|Mixed Platforms.ActiveCfg = Release|Any CPU
		{A430C0AB-8F2C-4B49-826C-E6DB9BA16D41}.Release|Mixed Platforms.Build.0 = Release|Any CPU
		{A430C0AB-8F2C-4B49-826C-E6DB9BA16D41}.Release|Win32.ActiveCfg = Release|Any CPU
		{A430C0AB-8F2C-4B49-826C-E6DB9BA16D41}.Release|x64.ActiveCfg = Release|x64
		{A430C0AB-8F2C-4B49-826C-E6DB9BA16D41}.Release|x64.Build.0 = Release|x64
		{1810C21E-08CF-45D5-93BF-B22337B21DAF}.Debug|Any CPU.ActiveCfg = Debug|Any CPU
		{1810C21E-08CF-45D5-93BF-B22337B21DAF}.Debug|Any CPU.Build.0 = Debug|Any CPU
		{1810C21E-08CF-45D5-93BF-B22337B21DAF}.Debug|Mixed Platforms.ActiveCfg = Debug|Any CPU
		{1810C21E-08CF-45D5-93BF-B22337B21DAF}.Debug|Mixed Platforms.Build.0 = Debug|Any CPU
		{1810C21E-08CF-45D5-93BF-B22337B21DAF}.Debug|Win32.ActiveCfg = Debug|Any CPU
		{1810C21E-08CF-45D5-93BF-B22337B21DAF}.Debug|x64.ActiveCfg = Debug|x64
		{1810C21E-08CF-45D5-93BF-B22337B21DAF}.Release|Any CPU.ActiveCfg = Release|Any CPU
		{1810C21E-08CF-45D5-93BF-B22337B21DAF}.Release|Any CPU.Build.0 = Release|Any CPU
		{1810C21E-08CF-45D5-93BF-B22337B21DAF}.Release|Mixed Platforms.ActiveCfg = Release|Any CPU
		{1810C21E-08CF-45D5-93BF-B22337B21DAF}.Release|Mixed Platforms.Build.0 = Release|Any CPU
		{1810C21E-08CF-45D5-93BF-B22337B21DAF}.Release|Win32.ActiveCfg = Release|Any CPU
		{1810C21E-08CF-45D5-93BF-B22337B21DAF}.Release|x64.ActiveCfg = Release|x64
		{26362B60-CEBF-4A90-BA6A-5AF407525ABE}.Debug|Any CPU.ActiveCfg = Debug|Any CPU
		{26362B60-CEBF-4A90-BA6A-5AF407525ABE}.Debug|Any CPU.Build.0 = Debug|Any CPU
		{26362B60-CEBF-4A90-BA6A-5AF407525ABE}.Debug|Mixed Platforms.ActiveCfg = Debug|Any CPU
		{26362B60-CEBF-4A90-BA6A-5AF407525ABE}.Debug|Mixed Platforms.Build.0 = Debug|Any CPU
		{26362B60-CEBF-4A90-BA6A-5AF407525ABE}.Debug|Win32.ActiveCfg = Debug|Any CPU
		{26362B60-CEBF-4A90-BA6A-5AF407525ABE}.Debug|x64.ActiveCfg = Debug|x64
		{26362B60-CEBF-4A90-BA6A-5AF407525ABE}.Release|Any CPU.ActiveCfg = Release|Any CPU
		{26362B60-CEBF-4A90-BA6A-5AF407525ABE}.Release|Any CPU.Build.0 = Release|Any CPU
		{26362B60-CEBF-4A90-BA6A-5AF407525ABE}.Release|Mixed Platforms.ActiveCfg = Release|Any CPU
		{26362B60-CEBF-4A90-BA6A-5AF407525ABE}.Release|Mixed Platforms.Build.0 = Release|Any CPU
		{26362B60-CEBF-4A90-BA6A-5AF407525ABE}.Release|Win32.ActiveCfg = Release|Any CPU
		{26362B60-CEBF-4A90-BA6A-5AF407525ABE}.Release|x64.ActiveCfg = Release|x64
	EndGlobalSection
	GlobalSection(SolutionProperties) = preSolution
		HideSolutionNode = FALSE
	EndGlobalSection
	GlobalSection(Performance) = preSolution
		HasPerformanceSessions = true
	EndGlobalSection
EndGlobal
