<?xml version="1.0" encoding="utf-8"?>
<Project ToolsVersion="4.0" xmlns="http://schemas.microsoft.com/developer/msbuild/2003">
  <ItemGroup>
    <Filter Include="Source Files">
      <UniqueIdentifier>{4FC737F1-C7A5-4376-A066-2A32D752A2FF}</UniqueIdentifier>
      <Extensions>cpp;c;cc;cxx;def;odl;idl;hpj;bat;asm;asmx</Extensions>
    </Filter>
    <Filter Include="Header Files">
      <UniqueIdentifier>{93995380-89BD-4b04-88EB-625FBE52EBFB}</UniqueIdentifier>
      <Extensions>h;hpp;hxx;hm;inl;inc;xsd</Extensions>
    </Filter>
    <Filter Include="Resource Files">
      <UniqueIdentifier>{67DA6AB6-F800-4c08-8B7A-83BB121AAD01}</UniqueIdentifier>
      <Extensions>rc;ico;cur;bmp;dlg;rc2;rct;bin;rgs;gif;jpg;jpeg;jpe;resx;tiff;tif;png;wav;mfcribbon-ms</Extensions>
    </Filter>
  </ItemGroup>
  <ItemGroup>
    <Text Include="ReadMe.txt" />
  </ItemGroup>
  <ItemGroup>
    <ClInclude Include="stdafx.h">
      <Filter>Header Files</Filter>
    </ClInclude>
    <ClInclude Include="targetver.h">
      <Filter>Header Files</Filter>
    </ClInclude>
    <ClInclude Include="..\inc\exception.h">
      <Filter>Header Files</Filter>
    </ClInclude>
    <ClInclude Include="..\inc\expect.h">
      <Filter>Header Files</Filter>
    </ClInclude>
    <ClInclude Include="..\inc\hdfs.h">
      <Filter>Header Files</Filter>
    </ClInclude>
    <ClInclude Include="..\inc\hdfs_test.h">
      <Filter>Header Files</Filter>
    </ClInclude>
    <ClInclude Include="..\inc\jni_helper.h">
      <Filter>Header Files</Filter>
    </ClInclude>
    <ClInclude Include="..\inc\native_mini_dfs.h">
      <Filter>Header Files</Filter>
    </ClInclude>
    <ClInclude Include="..\inc\uthash.h">
      <Filter>Header Files</Filter>
    </ClInclude>
  </ItemGroup>
  <ItemGroup>
    <ClCompile Include="stdafx.cpp">
      <Filter>Source Files</Filter>
    </ClCompile>
    <ClCompile Include="..\src\exception.c">
      <Filter>Source Files</Filter>
    </ClCompile>
    <ClCompile Include="..\src\hdfs.c">
      <Filter>Source Files</Filter>
    </ClCompile>
    <ClCompile Include="..\src\jni_helper.c">
      <Filter>Source Files</Filter>
    </ClCompile>
    <ClCompile Include="..\src\native_mini_dfs.c">
      <Filter>Source Files</Filter>
    </ClCompile>
  </ItemGroup>
</Project>