<?xml version="1.0" encoding="utf-8"?>
<Project ToolsVersion="4.0" xmlns="http://schemas.microsoft.com/developer/msbuild/2003">
  <ItemGroup>
    <Filter Include="Source Files">
      <UniqueIdentifier>{4FC737F1-C7A5-4376-A066-2A32D752A2FF}</UniqueIdentifier>
      <Extensions>cpp;c;cc;cxx;def;odl;idl;hpj;bat;asm;asmx</Extensions>
    </Filter>
    <Filter Include="Header Files">
      <UniqueIdentifier>{93995380-89BD-4b04-88EB-625FBE52EBFB}</UniqueIdentifier>
      <Extensions>h;hpp;hxx;hm;inl;inc;xsd</Extensions>
    </Filter>
    <Filter Include="Resource Files">
      <UniqueIdentifier>{67DA6AB6-F800-4c08-8B7A-83BB121AAD01}</UniqueIdentifier>
      <Extensions>rc;ico;cur;bmp;dlg;rc2;rct;bin;rgs;gif;jpg;jpeg;jpe;resx;tiff;tif;png;wav;mfcribbon-ms</Extensions>
    </Filter>
  </ItemGroup>
  <ItemGroup>
    <ClInclude Include="stdafx.h">
      <Filter>Header Files</Filter>
    </ClInclude>
    <ClInclude Include="targetver.h">
      <Filter>Header Files</Filter>
    </ClInclude>
    <ClInclude Include="AlignerContext.h">
      <Filter>Header Files</Filter>
    </ClInclude>
    <ClInclude Include="AlignerOptions.h">
      <Filter>Header Files</Filter>
    </ClInclude>
    <ClInclude Include="AlignerStats.h">
      <Filter>Header Files</Filter>
    </ClInclude>
    <ClInclude Include="ApproximateCounter.h">
      <Filter>Header Files</Filter>
    </ClInclude>
    <ClInclude Include="Bam.h">
      <Filter>Header Files</Filter>
    </ClInclude>
    <ClInclude Include="BaseAligner.h">
      <Filter>Header Files</Filter>
    </ClInclude>
    <ClInclude Include="BigAlloc.h">
      <Filter>Header Files</Filter>
    </ClInclude>
    <ClInclude Include="BufferedAsync.h">
      <Filter>Header Files</Filter>
    </ClInclude>
    <ClInclude Include="Compat.h">
      <Filter>Header Files</Filter>
    </ClInclude>
    <ClInclude Include="DataReader.h">
      <Filter>Header Files</Filter>
    </ClInclude>
    <ClInclude Include="DataWriter.h">
      <Filter>Header Files</Filter>
    </ClInclude>
    <ClInclude Include="directions.h">
      <Filter>Header Files</Filter>
    </ClInclude>
    <ClInclude Include="exit.h">
      <Filter>Header Files</Filter>
    </ClInclude>
    <ClInclude Include="FASTA.h">
      <Filter>Header Files</Filter>
    </ClInclude>
    <ClInclude Include="FASTQ.h">
      <Filter>Header Files</Filter>
    </ClInclude>
    <ClInclude Include="FileFormat.h">
      <Filter>Header Files</Filter>
    </ClInclude>
    <ClInclude Include="FixedSizeMap.h">
      <Filter>Header Files</Filter>
    </ClInclude>
    <ClInclude Include="FixedSizeSet.h">
      <Filter>Header Files</Filter>
    </ClInclude>
    <ClInclude Include="FixedSizeVector.h">
      <Filter>Header Files</Filter>
    </ClInclude>
    <ClInclude Include="Genome.h">
      <Filter>Header Files</Filter>
    </ClInclude>
    <ClInclude Include="GenomeIndex.h">
      <Filter>Header Files</Filter>
    </ClInclude>
    <ClInclude Include="GzipDataWriter.h">
      <Filter>Header Files</Filter>
    </ClInclude>
    <ClInclude Include="HashTable.h">
      <Filter>Header Files</Filter>
    </ClInclude>
    <ClInclude Include="Histogram.h">
      <Filter>Header Files</Filter>
    </ClInclude>
    <ClInclude Include="IntersectingPairedEndAligner.h">
      <Filter>Header Files</Filter>
    </ClInclude>
    <ClInclude Include="LandauVishkin.h">
      <Filter>Header Files</Filter>
    </ClInclude>
    <ClInclude Include="mapq.h">
      <Filter>Header Files</Filter>
    </ClInclude>
    <ClInclude Include="MultiInputReadSupplier.h">
      <Filter>Header Files</Filter>
    </ClInclude>
    <ClInclude Include="options.h">
      <Filter>Header Files</Filter>
    </ClInclude>
    <ClInclude Include="PairedAligner.h">
      <Filter>Header Files</Filter>
    </ClInclude>
    <ClInclude Include="PairedEndAligner.h">
      <Filter>Header Files</Filter>
    </ClInclude>
    <ClInclude Include="ParallelTask.h">
      <Filter>Header Files</Filter>
    </ClInclude>
    <ClInclude Include="ProbabilityDistance.h">
      <Filter>Header Files</Filter>
    </ClInclude>
    <ClInclude Include="RangeSplitter.h">
      <Filter>Header Files</Filter>
    </ClInclude>
    <ClInclude Include="Read.h">
      <Filter>Header Files</Filter>
    </ClInclude>
    <ClInclude Include="ReadSupplierQueue.h">
      <Filter>Header Files</Filter>
    </ClInclude>
    <ClInclude Include="SAM.h">
      <Filter>Header Files</Filter>
    </ClInclude>
    <ClInclude Include="Seed.h">
      <Filter>Header Files</Filter>
    </ClInclude>
    <ClInclude Include="SeedSequencer.h">
      <Filter>Header Files</Filter>
    </ClInclude>
    <ClInclude Include="SingleAligner.h">
      <Filter>Header Files</Filter>
    </ClInclude>
    <ClInclude Include="Tables.h">
      <Filter>Header Files</Filter>
    </ClInclude>
    <ClInclude Include="Util.h">
      <Filter>Header Files</Filter>
    </ClInclude>
    <ClInclude Include="VariableSizeMap.h">
      <Filter>Header Files</Filter>
    </ClInclude>
    <ClInclude Include="VariableSizeVector.h">
      <Filter>Header Files</Filter>
    </ClInclude>
    <ClInclude Include="WindowsFileMapper.h">
      <Filter>Header Files</Filter>
    </ClInclude>
    <ClInclude Include="PriorityQueue.h">
      <Filter>Header Files</Filter>
    </ClInclude>
    <ClInclude Include="ChimericPairedEndAligner.h">
      <Filter>Header Files</Filter>
    </ClInclude>
    <ClInclude Include="Error.h">
      <Filter>Header Files</Filter>
    </ClInclude>
    <ClInclude Include="GenericFile.h">
      <Filter>Header Files</Filter>
    </ClInclude>
    <ClInclude Include="GenericFile_HDFS.h">
      <Filter>Header Files</Filter>
    </ClInclude>
    <ClInclude Include="GenericFile_stdio.h">
      <Filter>Header Files</Filter>
    </ClInclude>
    <ClInclude Include="GenericFile_Blob.h">
      <Filter>Header Files</Filter>
    </ClInclude>
    <ClInclude Include="AlignmentResult.h">
      <Filter>Header Files</Filter>
    </ClInclude>
    <ClInclude Include="GenericFile_map.h">
      <Filter>Header Files</Filter>
    </ClInclude>
    <ClInclude Include="CommandProcessor.h">
      <Filter>Header Files</Filter>
    </ClInclude>
  </ItemGroup>
  <ItemGroup>
    <ClCompile Include="stdafx.cpp">
      <Filter>Source Files</Filter>
    </ClCompile>
    <ClCompile Include="AlignerContext.cpp">
      <Filter>Source Files</Filter>
    </ClCompile>
    <ClCompile Include="AlignerOptions.cpp">
      <Filter>Source Files</Filter>
    </ClCompile>
    <ClCompile Include="AlignerStats.cpp">
      <Filter>Source Files</Filter>
    </ClCompile>
    <ClCompile Include="ApproximateCounter.cpp">
      <Filter>Source Files</Filter>
    </ClCompile>
    <ClCompile Include="Bam.cpp">
      <Filter>Source Files</Filter>
    </ClCompile>
    <ClCompile Include="BaseAligner.cpp">
      <Filter>Source Files</Filter>
    </ClCompile>
    <ClCompile Include="BiasTables.cpp">
      <Filter>Source Files</Filter>
    </ClCompile>
    <ClCompile Include="BigAlloc.cpp">
      <Filter>Source Files</Filter>
    </ClCompile>
    <ClCompile Include="BufferedAsync.cpp">
      <Filter>Source Files</Filter>
    </ClCompile>
    <ClCompile Include="Compat.cpp">
      <Filter>Source Files</Filter>
    </ClCompile>
    <ClCompile Include="DataReader.cpp">
      <Filter>Source Files</Filter>
    </ClCompile>
    <ClCompile Include="DataWriter.cpp">
      <Filter>Source Files</Filter>
    </ClCompile>
    <ClCompile Include="exit.cpp">
      <Filter>Source Files</Filter>
    </ClCompile>
    <ClCompile Include="FASTA.cpp">
      <Filter>Source Files</Filter>
    </ClCompile>
    <ClCompile Include="FASTQ.cpp">
      <Filter>Source Files</Filter>
    </ClCompile>
    <ClCompile Include="Genome.cpp">
      <Filter>Source Files</Filter>
    </ClCompile>
    <ClCompile Include="GenomeIndex.cpp">
      <Filter>Source Files</Filter>
    </ClCompile>
    <ClCompile Include="GzipDataWriter.cpp">
      <Filter>Source Files</Filter>
    </ClCompile>
    <ClCompile Include="HashTable.cpp">
      <Filter>Source Files</Filter>
    </ClCompile>
    <ClCompile Include="Histogram.cpp">
      <Filter>Source Files</Filter>
    </ClCompile>
    <ClCompile Include="IntersectingPairedEndAligner.cpp">
      <Filter>Source Files</Filter>
    </ClCompile>
    <ClCompile Include="LandauVishkin.cpp">
      <Filter>Source Files</Filter>
    </ClCompile>
    <ClCompile Include="mapq.cpp">
      <Filter>Source Files</Filter>
    </ClCompile>
    <ClCompile Include="MultiInputReadSupplier.cpp">
      <Filter>Source Files</Filter>
    </ClCompile>
    <ClCompile Include="PairedAligner.cpp">
      <Filter>Source Files</Filter>
    </ClCompile>
    <ClCompile Include="PairedReadMatcher.cpp">
      <Filter>Source Files</Filter>
    </ClCompile>
    <ClCompile Include="ProbabilityDistance.cpp">
      <Filter>Source Files</Filter>
    </ClCompile>
    <ClCompile Include="RangeSplitter.cpp">
      <Filter>Source Files</Filter>
    </ClCompile>
    <ClCompile Include="ReadReader.cpp">
      <Filter>Source Files</Filter>
    </ClCompile>
    <ClCompile Include="ReadSupplierQueue.cpp">
      <Filter>Source Files</Filter>
    </ClCompile>
    <ClCompile Include="ReadWriter.cpp">
      <Filter>Source Files</Filter>
    </ClCompile>
    <ClCompile Include="SAM.cpp">
      <Filter>Source Files</Filter>
    </ClCompile>
    <ClCompile Include="Seed.cpp">
      <Filter>Source Files</Filter>
    </ClCompile>
    <ClCompile Include="SingleAligner.cpp">
      <Filter>Source Files</Filter>
    </ClCompile>
    <ClCompile Include="SortedDataWriter.cpp">
      <Filter>Source Files</Filter>
    </ClCompile>
    <ClCompile Include="Tables.cpp">
      <Filter>Source Files</Filter>
    </ClCompile>
    <ClCompile Include="Util.cpp">
      <Filter>Source Files</Filter>
    </ClCompile>
    <ClCompile Include="Read.cpp">
      <Filter>Source Files</Filter>
    </ClCompile>
    <ClCompile Include="ChimericPairedEndAligner.cpp">
      <Filter>Source Files</Filter>
    </ClCompile>
    <ClCompile Include="SeedSequencer.cpp">
      <Filter>Source Files</Filter>
    </ClCompile>
    <ClCompile Include="ParallelTask.cpp">
      <Filter>Source Files</Filter>
    </ClCompile>
    <ClCompile Include="Error.cpp">
      <Filter>Source Files</Filter>
    </ClCompile>
    <ClCompile Include="GenericFile.cpp">
      <Filter>Source Files</Filter>
    </ClCompile>
    <ClCompile Include="GenericFile_HDFS.cpp">
      <Filter>Source Files</Filter>
    </ClCompile>
    <ClCompile Include="GenericFile_stdio.cpp">
      <Filter>Source Files</Filter>
    </ClCompile>
    <ClCompile Include="GenericFile_Blob.cpp">
      <Filter>Source Files</Filter>
    </ClCompile>
    <ClCompile Include="GenericFile_map.cpp">
      <Filter>Source Files</Filter>
    </ClCompile>
    <ClCompile Include="CommandProcessor.cpp">
      <Filter>Source Files</Filter>
    </ClCompile>
    <ClCompile Include="AlignmentResult.cpp">
      <Filter>Source Files</Filter>
    </ClCompile>
  </ItemGroup>
</Project>