<?xml version="1.0" encoding="utf-8"?>
<Project ToolsVersion="4.0" xmlns="http://schemas.microsoft.com/developer/msbuild/2003">
  <ItemGroup>
    <ClCompile Include="ApproximateCounter.cpp">
      <Filter>Source Files</Filter>
    </ClCompile>
    <ClCompile Include="FASTA.cpp">
      <Filter>Source Files</Filter>
    </ClCompile>
    <ClCompile Include="BaseAligner.cpp">
      <Filter>Source Files</Filter>
    </ClCompile>
    <ClCompile Include="BiasTables.cpp">
      <Filter>Source Files</Filter>
    </ClCompile>
    <ClCompile Include="bigalloc.cpp">
      <Filter>Source Files</Filter>
    </ClCompile>
    <ClCompile Include="compat.cpp">
      <Filter>Source Files</Filter>
    </ClCompile>
    <ClCompile Include="fastq.cpp">
      <Filter>Source Files</Filter>
    </ClCompile>
    <ClCompile Include="OldAligner.cpp">
      <Filter>Source Files</Filter>
    </ClCompile>
    <ClCompile Include="genome.cpp">
      <Filter>Source Files</Filter>
    </ClCompile>
    <ClCompile Include="GenomeIndex.cpp">
      <Filter>Source Files</Filter>
    </ClCompile>
    <ClCompile Include="GoodRandom.cpp">
      <Filter>Source Files</Filter>
    </ClCompile>
    <ClCompile Include="HashTable.cpp">
      <Filter>Source Files</Filter>
    </ClCompile>
    <ClCompile Include="histogram.cpp">
      <Filter>Source Files</Filter>
    </ClCompile>
    <ClCompile Include="hybridaligner.cpp">
      <Filter>Source Files</Filter>
    </ClCompile>
    <ClCompile Include="IntersectingAligner.cpp">
      <Filter>Source Files</Filter>
    </ClCompile>
    <ClCompile Include="LandauVishkin.cpp">
      <Filter>Source Files</Filter>
    </ClCompile>
    <ClCompile Include="Mutator.cpp">
      <Filter>Source Files</Filter>
    </ClCompile>
    <ClCompile Include="PairedEndAligner.cpp">
      <Filter>Source Files</Filter>
    </ClCompile>
    <ClCompile Include="RangeSplitter.cpp">
      <Filter>Source Files</Filter>
    </ClCompile>
    <ClCompile Include="Range.cpp">
      <Filter>Source Files</Filter>
    </ClCompile>
    <ClCompile Include="sam.cpp">
      <Filter>Source Files</Filter>
    </ClCompile>
    <ClCompile Include="seed.cpp">
      <Filter>Source Files</Filter>
    </ClCompile>
    <ClCompile Include="SimplePairedEndAligner.cpp">
      <Filter>Source Files</Filter>
    </ClCompile>
    <ClCompile Include="SmarterPairedEndAligner.cpp">
      <Filter>Source Files</Filter>
    </ClCompile>
    <ClCompile Include="stdafx.cpp">
      <Filter>Source Files</Filter>
    </ClCompile>
    <ClCompile Include="Tables.cpp">
      <Filter>Source Files</Filter>
    </ClCompile>
    <ClCompile Include="wgsim.cpp">
      <Filter>Source Files</Filter>
    </ClCompile>
    <ClCompile Include="VCF.cpp">
      <Filter>Source Files</Filter>
    </ClCompile>
    <ClCompile Include="AlignerContext.cpp">
      <Filter>Source Files</Filter>
    </ClCompile>
    <ClCompile Include="AlignerOptions.cpp">
      <Filter>Source Files</Filter>
    </ClCompile>
    <ClCompile Include="AlignerStats.cpp">
      <Filter>Source Files</Filter>
    </ClCompile>
    <ClCompile Include="PairedAligner.cpp">
      <Filter>Source Files</Filter>
    </ClCompile>
    <ClCompile Include="SingleAligner.cpp">
      <Filter>Source Files</Filter>
    </ClCompile>
    <ClCompile Include="BufferedAsync.cpp">
      <Filter>Source Files</Filter>
    </ClCompile>
  </ItemGroup>
  <ItemGroup>
    <ClInclude Include="aligner.h">
      <Filter>Header Files</Filter>
    </ClInclude>
    <ClInclude Include="ApproximateCounter.h">
      <Filter>Header Files</Filter>
    </ClInclude>
    <ClInclude Include="BaseAligner.h">
      <Filter>Header Files</Filter>
    </ClInclude>
    <ClInclude Include="bigalloc.h">
      <Filter>Header Files</Filter>
    </ClInclude>
    <ClInclude Include="compat.h">
      <Filter>Header Files</Filter>
    </ClInclude>
    <ClInclude Include="FASTA.h">
      <Filter>Header Files</Filter>
    </ClInclude>
    <ClInclude Include="fastq.h">
      <Filter>Header Files</Filter>
    </ClInclude>
    <ClInclude Include="FixedHashTable.h">
      <Filter>Header Files</Filter>
    </ClInclude>
    <ClInclude Include="genome.h">
      <Filter>Header Files</Filter>
    </ClInclude>
    <ClInclude Include="GenomeIndex.h">
      <Filter>Header Files</Filter>
    </ClInclude>
    <ClInclude Include="GoodRandom.h">
      <Filter>Header Files</Filter>
    </ClInclude>
    <ClInclude Include="HashTable.h">
      <Filter>Header Files</Filter>
    </ClInclude>
    <ClInclude Include="histogram.h">
      <Filter>Header Files</Filter>
    </ClInclude>
    <ClInclude Include="hybridaligner.h">
      <Filter>Header Files</Filter>
    </ClInclude>
    <ClInclude Include="IntersectingAligner.h">
      <Filter>Header Files</Filter>
    </ClInclude>
    <ClInclude Include="LandauVishkin.h">
      <Filter>Header Files</Filter>
    </ClInclude>
    <ClInclude Include="Mutation.h">
      <Filter>Header Files</Filter>
    </ClInclude>
    <ClInclude Include="Mutator.h">
      <Filter>Header Files</Filter>
    </ClInclude>
    <ClInclude Include="OldAligner.h">
      <Filter>Header Files</Filter>
    </ClInclude>
    <ClInclude Include="options.h">
      <Filter>Header Files</Filter>
    </ClInclude>
    <ClInclude Include="PairedEndAligner.h">
      <Filter>Header Files</Filter>
    </ClInclude>
    <ClInclude Include="ParallelTask.h">
      <Filter>Header Files</Filter>
    </ClInclude>
    <ClInclude Include="RangeSplitter.h">
      <Filter>Header Files</Filter>
    </ClInclude>
    <ClInclude Include="read.h">
      <Filter>Header Files</Filter>
    </ClInclude>
    <ClInclude Include="sam.h">
      <Filter>Header Files</Filter>
    </ClInclude>
    <ClInclude Include="seed.h">
      <Filter>Header Files</Filter>
    </ClInclude>
    <ClInclude Include="SimplePairedEndAligner.h">
      <Filter>Header Files</Filter>
    </ClInclude>
    <ClInclude Include="SmarterPairedEndAligner.h">
      <Filter>Header Files</Filter>
    </ClInclude>
    <ClInclude Include="stdafx.h">
      <Filter>Header Files</Filter>
    </ClInclude>
    <ClInclude Include="Tables.h">
      <Filter>Header Files</Filter>
    </ClInclude>
    <ClInclude Include="targetver.h">
      <Filter>Header Files</Filter>
    </ClInclude>
    <ClInclude Include="VCF.h">
      <Filter>Header Files</Filter>
    </ClInclude>
    <ClInclude Include="wgsim.h">
      <Filter>Header Files</Filter>
    </ClInclude>
    <ClInclude Include="AlignerContext.h">
      <Filter>Header Files</Filter>
    </ClInclude>
    <ClInclude Include="AlignerOptions.h">
      <Filter>Header Files</Filter>
    </ClInclude>
    <ClInclude Include="AlignerStats.h">
      <Filter>Header Files</Filter>
    </ClInclude>
    <ClInclude Include="SingleAligner.h">
      <Filter>Header Files</Filter>
    </ClInclude>
    <ClInclude Include="PairedAligner.h">
      <Filter>Header Files</Filter>
    </ClInclude>
    <ClInclude Include="VariableSizeVector.h">
      <Filter>Header Files</Filter>
    </ClInclude>
    <ClInclude Include="BufferedAsync.h">
      <Filter>Header Files</Filter>
    </ClInclude>
  </ItemGroup>
  <ItemGroup>
    <None Include="ReadMe.txt" />
  </ItemGroup>
  <ItemGroup>
    <Filter Include="Header Files">
      <UniqueIdentifier>{42f31862-484e-4849-827e-a026854c3a94}</UniqueIdentifier>
    </Filter>
    <Filter Include="Source Files">
      <UniqueIdentifier>{355d4366-21dd-4421-bcc2-6fbcab1458ac}</UniqueIdentifier>
    </Filter>
  </ItemGroup>
</Project>