<?xml version="1.0" encoding="utf-8"?>
<Project ToolsVersion="4.0" xmlns="http://schemas.microsoft.com/developer/msbuild/2003">
  <ItemGroup>
    <ClCompile Include="ApproximateCounter.cpp">
      <Filter>Source Files</Filter>
    </ClCompile>
    <ClCompile Include="FASTA.cpp">
      <Filter>Source Files</Filter>
    </ClCompile>
    <ClCompile Include="BaseAligner.cpp">
      <Filter>Source Files</Filter>
    </ClCompile>
    <ClCompile Include="BiasTables.cpp">
      <Filter>Source Files</Filter>
    </ClCompile>
    <ClCompile Include="bigalloc.cpp">
      <Filter>Source Files</Filter>
    </ClCompile>
    <ClCompile Include="compat.cpp">
      <Filter>Source Files</Filter>
    </ClCompile>
    <ClCompile Include="fastq.cpp">
      <Filter>Source Files</Filter>
    </ClCompile>
    <ClCompile Include="genome.cpp">
      <Filter>Source Files</Filter>
    </ClCompile>
    <ClCompile Include="GenomeIndex.cpp">
      <Filter>Source Files</Filter>
    </ClCompile>
    <ClCompile Include="GoodRandom.cpp">
      <Filter>Source Files</Filter>
    </ClCompile>
    <ClCompile Include="HashTable.cpp">
      <Filter>Source Files</Filter>
    </ClCompile>
    <ClCompile Include="histogram.cpp">
      <Filter>Source Files</Filter>
    </ClCompile>
    <ClCompile Include="LandauVishkin.cpp">
      <Filter>Source Files</Filter>
    </ClCompile>
    <ClCompile Include="PairedEndAligner.cpp">
      <Filter>Source Files</Filter>
    </ClCompile>
    <ClCompile Include="RangeSplitter.cpp">
      <Filter>Source Files</Filter>
    </ClCompile>
    <ClCompile Include="Range.cpp">
      <Filter>Source Files</Filter>
    </ClCompile>
    <ClCompile Include="sam.cpp">
      <Filter>Source Files</Filter>
    </ClCompile>
    <ClCompile Include="seed.cpp">
      <Filter>Source Files</Filter>
    </ClCompile>
    <ClCompile Include="stdafx.cpp">
      <Filter>Source Files</Filter>
    </ClCompile>
    <ClCompile Include="Tables.cpp">
      <Filter>Source Files</Filter>
    </ClCompile>
    <ClCompile Include="wgsim.cpp">
      <Filter>Source Files</Filter>
    </ClCompile>
    <ClCompile Include="AlignerContext.cpp">
      <Filter>Source Files</Filter>
    </ClCompile>
    <ClCompile Include="AlignerOptions.cpp">
      <Filter>Source Files</Filter>
    </ClCompile>
    <ClCompile Include="AlignerStats.cpp">
      <Filter>Source Files</Filter>
    </ClCompile>
    <ClCompile Include="PairedAligner.cpp">
      <Filter>Source Files</Filter>
    </ClCompile>
    <ClCompile Include="SingleAligner.cpp">
      <Filter>Source Files</Filter>
    </ClCompile>
    <ClCompile Include="BufferedAsync.cpp">
      <Filter>Source Files</Filter>
    </ClCompile>
    <ClCompile Include="mapq.cpp">
      <Filter>Source Files</Filter>
    </ClCompile>
    <ClCompile Include="ThirdPairedEndAligner.cpp">
      <Filter>Source Files</Filter>
    </ClCompile>
    <ClCompile Include="ReadSupplierQueue.cpp">
      <Filter>Source Files</Filter>
    </ClCompile>
    <ClCompile Include="MultiInputReadSupplier.cpp">
      <Filter>Source Files</Filter>
    </ClCompile>
    <ClCompile Include="Bam.cpp">
      <Filter>Source Files</Filter>
    </ClCompile>
    <ClCompile Include="DataReader.cpp">
      <Filter>Source Files</Filter>
    </ClCompile>
    <ClCompile Include="PairedReadMatcher.cpp">
      <Filter>Source Files</Filter>
    </ClCompile>
    <ClCompile Include="ReadWriter.cpp">
      <Filter>Source Files</Filter>
    </ClCompile>
    <ClCompile Include="ReadReader.cpp">
      <Filter>Source Files</Filter>
    </ClCompile>
    <ClCompile Include="SortedDataWriter.cpp">
      <Filter>Source Files</Filter>
    </ClCompile>
    <ClCompile Include="GzipDataWriter.cpp">
      <Filter>Source Files</Filter>
    </ClCompile>
    <ClCompile Include="ProbabilityDistance.cpp">
      <Filter>Source Files</Filter>
    </ClCompile>
    <ClCompile Include="DataWriter.cpp">
      <Filter>Source Files</Filter>
    </ClCompile>
    <ClCompile Include="IntersectingPairedEndAligner.cpp">
      <Filter>Source Files</Filter>
    </ClCompile>
    <ClCompile Include="exit.cpp">
      <Filter>Source Files</Filter>
    </ClCompile>
    <ClCompile Include="SingleFirstPairedEndAligner.cpp">
      <Filter>Source Files</Filter>
    </ClCompile>
    <ClCompile Include="Util.cpp">
      <Filter>Source Files</Filter>
    </ClCompile>
  </ItemGroup>
  <ItemGroup>
    <ClInclude Include="aligner.h">
      <Filter>Header Files</Filter>
    </ClInclude>
    <ClInclude Include="ApproximateCounter.h">
      <Filter>Header Files</Filter>
    </ClInclude>
    <ClInclude Include="BaseAligner.h">
      <Filter>Header Files</Filter>
    </ClInclude>
    <ClInclude Include="bigalloc.h">
      <Filter>Header Files</Filter>
    </ClInclude>
    <ClInclude Include="compat.h">
      <Filter>Header Files</Filter>
    </ClInclude>
    <ClInclude Include="FASTA.h">
      <Filter>Header Files</Filter>
    </ClInclude>
    <ClInclude Include="fastq.h">
      <Filter>Header Files</Filter>
    </ClInclude>
    <ClInclude Include="genome.h">
      <Filter>Header Files</Filter>
    </ClInclude>
    <ClInclude Include="GenomeIndex.h">
      <Filter>Header Files</Filter>
    </ClInclude>
    <ClInclude Include="GoodRandom.h">
      <Filter>Header Files</Filter>
    </ClInclude>
    <ClInclude Include="HashTable.h">
      <Filter>Header Files</Filter>
    </ClInclude>
    <ClInclude Include="histogram.h">
      <Filter>Header Files</Filter>
    </ClInclude>
    <ClInclude Include="LandauVishkin.h">
      <Filter>Header Files</Filter>
    </ClInclude>
    <ClInclude Include="options.h">
      <Filter>Header Files</Filter>
    </ClInclude>
    <ClInclude Include="PairedEndAligner.h">
      <Filter>Header Files</Filter>
    </ClInclude>
    <ClInclude Include="ParallelTask.h">
      <Filter>Header Files</Filter>
    </ClInclude>
    <ClInclude Include="RangeSplitter.h">
      <Filter>Header Files</Filter>
    </ClInclude>
    <ClInclude Include="read.h">
      <Filter>Header Files</Filter>
    </ClInclude>
    <ClInclude Include="sam.h">
      <Filter>Header Files</Filter>
    </ClInclude>
    <ClInclude Include="seed.h">
      <Filter>Header Files</Filter>
    </ClInclude>
    <ClInclude Include="stdafx.h">
      <Filter>Header Files</Filter>
    </ClInclude>
    <ClInclude Include="Tables.h">
      <Filter>Header Files</Filter>
    </ClInclude>
    <ClInclude Include="targetver.h">
      <Filter>Header Files</Filter>
    </ClInclude>
    <ClInclude Include="wgsim.h">
      <Filter>Header Files</Filter>
    </ClInclude>
    <ClInclude Include="AlignerContext.h">
      <Filter>Header Files</Filter>
    </ClInclude>
    <ClInclude Include="AlignerOptions.h">
      <Filter>Header Files</Filter>
    </ClInclude>
    <ClInclude Include="AlignerStats.h">
      <Filter>Header Files</Filter>
    </ClInclude>
    <ClInclude Include="SingleAligner.h">
      <Filter>Header Files</Filter>
    </ClInclude>
    <ClInclude Include="PairedAligner.h">
      <Filter>Header Files</Filter>
    </ClInclude>
    <ClInclude Include="VariableSizeVector.h">
      <Filter>Header Files</Filter>
    </ClInclude>
    <ClInclude Include="BufferedAsync.h">
      <Filter>Header Files</Filter>
    </ClInclude>
    <ClInclude Include="mapq.h">
      <Filter>Header Files</Filter>
    </ClInclude>
    <ClInclude Include="BoundedStringDistance.h">
      <Filter>Header Files</Filter>
    </ClInclude>
    <ClInclude Include="directions.h">
      <Filter>Header Files</Filter>
    </ClInclude>
    <ClInclude Include="ThirdPairedEndAligner.h">
      <Filter>Header Files</Filter>
    </ClInclude>
    <ClInclude Include="FixedSizeMap.h">
      <Filter>Header Files</Filter>
    </ClInclude>
    <ClInclude Include="FixedSizeSet.h">
      <Filter>Header Files</Filter>
    </ClInclude>
    <ClInclude Include="ReadSupplierQueue.h">
      <Filter>Header Files</Filter>
    </ClInclude>
    <ClInclude Include="MultiInputReadSupplier.h">
      <Filter>Header Files</Filter>
    </ClInclude>
    <ClInclude Include="Bam.h">
      <Filter>Header Files</Filter>
    </ClInclude>
    <ClInclude Include="DataReader.h">
      <Filter>Header Files</Filter>
    </ClInclude>
    <ClInclude Include="FileFormat.h">
      <Filter>Header Files</Filter>
    </ClInclude>
    <ClInclude Include="DataWriter.h">
      <Filter>Header Files</Filter>
    </ClInclude>
    <ClInclude Include="FixedSizeVector.h">
      <Filter>Header Files</Filter>
    </ClInclude>
    <ClInclude Include="ProbabilityDistance.h">
      <Filter>Header Files</Filter>
    </ClInclude>
    <ClInclude Include="IntersectingPairedEndAligner.h">
      <Filter>Header Files</Filter>
    </ClInclude>
    <ClInclude Include="exit.h">
      <Filter>Header Files</Filter>
    </ClInclude>
    <ClInclude Include="SeedSequencer.h">
      <Filter>Header Files</Filter>
    </ClInclude>
    <ClInclude Include="Util.h">
      <Filter>Header Files</Filter>
    </ClInclude>
    <ClInclude Include="GzipDataWriter.h">
      <Filter>Header Files</Filter>
    </ClInclude>
    <ClInclude Include="SingleFirstPairedEndAligner.h">
      <Filter>Header Files</Filter>
    </ClInclude>
  </ItemGroup>
  <ItemGroup>
    <None Include="ReadMe.txt" />
  </ItemGroup>
  <ItemGroup>
    <Filter Include="Header Files">
      <UniqueIdentifier>{42f31862-484e-4849-827e-a026854c3a94}</UniqueIdentifier>
    </Filter>
    <Filter Include="Source Files">
      <UniqueIdentifier>{355d4366-21dd-4421-bcc2-6fbcab1458ac}</UniqueIdentifier>
    </Filter>
  </ItemGroup>
</Project>